
Microsoft Visual Studio Solution File, Format Version 12.00
# Visual Studio 15
VisualStudioVersion = 15.0.26124.0
MinimumVisualStudioVersion = 15.0.26124.0
Project("{2150E333-8FDC-42A3-9474-1A3956D46DE8}") = "src", "src", "{9DC2D4F9-830B-42E3-8716-66E27023B75F}"
EndProject
Project("{FAE04EC0-301F-11D3-BF4B-00C04F79EFBC}") = "Python.Runtime", "src\runtime\Python.Runtime.csproj", "{4E8C8FE2-0FB8-4517-B2D9-5FB2D5FC849B}"
EndProject
Project("{FAE04EC0-301F-11D3-BF4B-00C04F79EFBC}") = "Console", "src\console\Console.csproj", "{E6B01706-00BA-4144-9029-186AC42FBE9A}"
EndProject
Project("{FAE04EC0-301F-11D3-BF4B-00C04F79EFBC}") = "clrmodule", "src\clrmodule\clrmodule.csproj", "{F9F5FA13-BC52-4C0B-BC1C-FE3C0B8FCCDD}"
EndProject
Project("{FAE04EC0-301F-11D3-BF4B-00C04F79EFBC}") = "Python.EmbeddingTest", "src\embed_tests\Python.EmbeddingTest.csproj", "{819E089B-4770-400E-93C6-4F7A35F0EA12}"
EndProject
Project("{FAE04EC0-301F-11D3-BF4B-00C04F79EFBC}") = "Python.Test", "src\testing\Python.Test.csproj", "{14EF9518-5BB7-4F83-8686-015BD2CC788E}"
EndProject
Project("{FAE04EC0-301F-11D3-BF4B-00C04F79EFBC}") = "Python.PerformanceTests", "src\perf_tests\Python.PerformanceTests.csproj", "{4F2EA4A1-7ECA-48B5-8077-7A3C366F9931}"
EndProject
Global
	GlobalSection(SolutionConfigurationPlatforms) = preSolution
		Debug|Any CPU = Debug|Any CPU
		Debug|x64 = Debug|x64
		Debug|x86 = Debug|x86
		Release|Any CPU = Release|Any CPU
		Release|x64 = Release|x64
		Release|x86 = Release|x86
	EndGlobalSection
	GlobalSection(SolutionProperties) = preSolution
		HideSolutionNode = FALSE
	EndGlobalSection
	GlobalSection(ProjectConfigurationPlatforms) = postSolution
		{4E8C8FE2-0FB8-4517-B2D9-5FB2D5FC849B}.Debug|Any CPU.ActiveCfg = Debug|Any CPU
		{4E8C8FE2-0FB8-4517-B2D9-5FB2D5FC849B}.Debug|Any CPU.Build.0 = Debug|Any CPU
		{4E8C8FE2-0FB8-4517-B2D9-5FB2D5FC849B}.Debug|x64.ActiveCfg = Debug|Any CPU
		{4E8C8FE2-0FB8-4517-B2D9-5FB2D5FC849B}.Debug|x64.Build.0 = Debug|Any CPU
		{4E8C8FE2-0FB8-4517-B2D9-5FB2D5FC849B}.Debug|x86.ActiveCfg = Debug|Any CPU
		{4E8C8FE2-0FB8-4517-B2D9-5FB2D5FC849B}.Debug|x86.Build.0 = Debug|Any CPU
		{4E8C8FE2-0FB8-4517-B2D9-5FB2D5FC849B}.Release|Any CPU.ActiveCfg = Release|Any CPU
		{4E8C8FE2-0FB8-4517-B2D9-5FB2D5FC849B}.Release|Any CPU.Build.0 = Release|Any CPU
		{4E8C8FE2-0FB8-4517-B2D9-5FB2D5FC849B}.Release|x64.ActiveCfg = Release|Any CPU
		{4E8C8FE2-0FB8-4517-B2D9-5FB2D5FC849B}.Release|x64.Build.0 = Release|Any CPU
		{4E8C8FE2-0FB8-4517-B2D9-5FB2D5FC849B}.Release|x86.ActiveCfg = Release|Any CPU
		{4E8C8FE2-0FB8-4517-B2D9-5FB2D5FC849B}.Release|x86.Build.0 = Release|Any CPU
		{E6B01706-00BA-4144-9029-186AC42FBE9A}.Debug|Any CPU.ActiveCfg = Debug|x64
		{E6B01706-00BA-4144-9029-186AC42FBE9A}.Debug|Any CPU.Build.0 = Debug|x64
		{E6B01706-00BA-4144-9029-186AC42FBE9A}.Debug|x64.ActiveCfg = Debug|x64
		{E6B01706-00BA-4144-9029-186AC42FBE9A}.Debug|x64.Build.0 = Debug|x64
		{E6B01706-00BA-4144-9029-186AC42FBE9A}.Debug|x86.ActiveCfg = Debug|x86
		{E6B01706-00BA-4144-9029-186AC42FBE9A}.Debug|x86.Build.0 = Debug|x86
		{E6B01706-00BA-4144-9029-186AC42FBE9A}.Release|Any CPU.ActiveCfg = Release|x64
		{E6B01706-00BA-4144-9029-186AC42FBE9A}.Release|Any CPU.Build.0 = Release|x64
		{E6B01706-00BA-4144-9029-186AC42FBE9A}.Release|x64.ActiveCfg = Release|x64
		{E6B01706-00BA-4144-9029-186AC42FBE9A}.Release|x64.Build.0 = Release|x64
		{E6B01706-00BA-4144-9029-186AC42FBE9A}.Release|x86.ActiveCfg = Release|x86
		{E6B01706-00BA-4144-9029-186AC42FBE9A}.Release|x86.Build.0 = Release|x86
		{F9F5FA13-BC52-4C0B-BC1C-FE3C0B8FCCDD}.Debug|Any CPU.ActiveCfg = Debug|Any CPU
		{F9F5FA13-BC52-4C0B-BC1C-FE3C0B8FCCDD}.Debug|Any CPU.Build.0 = Debug|Any CPU
		{F9F5FA13-BC52-4C0B-BC1C-FE3C0B8FCCDD}.Debug|x64.ActiveCfg = Debug|Any CPU
		{F9F5FA13-BC52-4C0B-BC1C-FE3C0B8FCCDD}.Debug|x64.Build.0 = Debug|Any CPU
		{F9F5FA13-BC52-4C0B-BC1C-FE3C0B8FCCDD}.Debug|x86.ActiveCfg = Debug|Any CPU
		{F9F5FA13-BC52-4C0B-BC1C-FE3C0B8FCCDD}.Debug|x86.Build.0 = Debug|Any CPU
		{F9F5FA13-BC52-4C0B-BC1C-FE3C0B8FCCDD}.Release|Any CPU.ActiveCfg = Release|Any CPU
		{F9F5FA13-BC52-4C0B-BC1C-FE3C0B8FCCDD}.Release|Any CPU.Build.0 = Release|Any CPU
		{F9F5FA13-BC52-4C0B-BC1C-FE3C0B8FCCDD}.Release|x64.ActiveCfg = Release|Any CPU
		{F9F5FA13-BC52-4C0B-BC1C-FE3C0B8FCCDD}.Release|x64.Build.0 = Release|Any CPU
		{F9F5FA13-BC52-4C0B-BC1C-FE3C0B8FCCDD}.Release|x86.ActiveCfg = Release|Any CPU
		{F9F5FA13-BC52-4C0B-BC1C-FE3C0B8FCCDD}.Release|x86.Build.0 = Release|Any CPU
		{819E089B-4770-400E-93C6-4F7A35F0EA12}.Debug|Any CPU.ActiveCfg = Debug|Any CPU
		{819E089B-4770-400E-93C6-4F7A35F0EA12}.Debug|Any CPU.Build.0 = Debug|Any CPU
		{819E089B-4770-400E-93C6-4F7A35F0EA12}.Debug|x64.ActiveCfg = Debug|Any CPU
		{819E089B-4770-400E-93C6-4F7A35F0EA12}.Debug|x64.Build.0 = Debug|Any CPU
		{819E089B-4770-400E-93C6-4F7A35F0EA12}.Debug|x86.ActiveCfg = Debug|Any CPU
		{819E089B-4770-400E-93C6-4F7A35F0EA12}.Debug|x86.Build.0 = Debug|Any CPU
		{819E089B-4770-400E-93C6-4F7A35F0EA12}.Release|Any CPU.ActiveCfg = Release|Any CPU
		{819E089B-4770-400E-93C6-4F7A35F0EA12}.Release|Any CPU.Build.0 = Release|Any CPU
		{819E089B-4770-400E-93C6-4F7A35F0EA12}.Release|x64.ActiveCfg = Release|Any CPU
		{819E089B-4770-400E-93C6-4F7A35F0EA12}.Release|x64.Build.0 = Release|Any CPU
		{819E089B-4770-400E-93C6-4F7A35F0EA12}.Release|x86.ActiveCfg = Release|Any CPU
		{819E089B-4770-400E-93C6-4F7A35F0EA12}.Release|x86.Build.0 = Release|Any CPU
		{14EF9518-5BB7-4F83-8686-015BD2CC788E}.Debug|Any CPU.ActiveCfg = Debug|Any CPU
		{14EF9518-5BB7-4F83-8686-015BD2CC788E}.Debug|Any CPU.Build.0 = Debug|Any CPU
		{14EF9518-5BB7-4F83-8686-015BD2CC788E}.Debug|x64.ActiveCfg = Debug|Any CPU
		{14EF9518-5BB7-4F83-8686-015BD2CC788E}.Debug|x64.Build.0 = Debug|Any CPU
		{14EF9518-5BB7-4F83-8686-015BD2CC788E}.Debug|x86.ActiveCfg = Debug|Any CPU
		{14EF9518-5BB7-4F83-8686-015BD2CC788E}.Debug|x86.Build.0 = Debug|Any CPU
		{14EF9518-5BB7-4F83-8686-015BD2CC788E}.Release|Any CPU.ActiveCfg = Release|Any CPU
		{14EF9518-5BB7-4F83-8686-015BD2CC788E}.Release|Any CPU.Build.0 = Release|Any CPU
		{14EF9518-5BB7-4F83-8686-015BD2CC788E}.Release|x64.ActiveCfg = Release|Any CPU
		{14EF9518-5BB7-4F83-8686-015BD2CC788E}.Release|x64.Build.0 = Release|Any CPU
		{14EF9518-5BB7-4F83-8686-015BD2CC788E}.Release|x86.ActiveCfg = Release|Any CPU
		{14EF9518-5BB7-4F83-8686-015BD2CC788E}.Release|x86.Build.0 = Release|Any CPU
		{4F2EA4A1-7ECA-48B5-8077-7A3C366F9931}.Debug|Any CPU.ActiveCfg = Debug|x64
		{4F2EA4A1-7ECA-48B5-8077-7A3C366F9931}.Debug|Any CPU.Build.0 = Debug|x64
		{4F2EA4A1-7ECA-48B5-8077-7A3C366F9931}.Debug|x64.ActiveCfg = Debug|x64
		{4F2EA4A1-7ECA-48B5-8077-7A3C366F9931}.Debug|x64.Build.0 = Debug|x64
		{4F2EA4A1-7ECA-48B5-8077-7A3C366F9931}.Debug|x86.ActiveCfg = Debug|x86
		{4F2EA4A1-7ECA-48B5-8077-7A3C366F9931}.Debug|x86.Build.0 = Debug|x86
		{4F2EA4A1-7ECA-48B5-8077-7A3C366F9931}.Release|Any CPU.ActiveCfg = Release|x64
		{4F2EA4A1-7ECA-48B5-8077-7A3C366F9931}.Release|Any CPU.Build.0 = Release|x64
		{4F2EA4A1-7ECA-48B5-8077-7A3C366F9931}.Release|x64.ActiveCfg = Release|x64
		{4F2EA4A1-7ECA-48B5-8077-7A3C366F9931}.Release|x64.Build.0 = Release|x64
		{4F2EA4A1-7ECA-48B5-8077-7A3C366F9931}.Release|x86.ActiveCfg = Release|x86
		{4F2EA4A1-7ECA-48B5-8077-7A3C366F9931}.Release|x86.Build.0 = Release|x86
	EndGlobalSection
	GlobalSection(NestedProjects) = preSolution
		{4E8C8FE2-0FB8-4517-B2D9-5FB2D5FC849B} = {9DC2D4F9-830B-42E3-8716-66E27023B75F}
		{E6B01706-00BA-4144-9029-186AC42FBE9A} = {9DC2D4F9-830B-42E3-8716-66E27023B75F}
		{F9F5FA13-BC52-4C0B-BC1C-FE3C0B8FCCDD} = {9DC2D4F9-830B-42E3-8716-66E27023B75F}
		{819E089B-4770-400E-93C6-4F7A35F0EA12} = {9DC2D4F9-830B-42E3-8716-66E27023B75F}
		{14EF9518-5BB7-4F83-8686-015BD2CC788E} = {9DC2D4F9-830B-42E3-8716-66E27023B75F}
		{4F2EA4A1-7ECA-48B5-8077-7A3C366F9931} = {9DC2D4F9-830B-42E3-8716-66E27023B75F}
	EndGlobalSection
EndGlobal
