Microsoft Visual Studio Solution File, Format Version 12.00
# Visual Studio Version 16
VisualStudioVersion = 16.0.28917.181
MinimumVisualStudioVersion = 10.0.40219.1
Project("{9A19103F-16F7-4668-BE54-9A1E7A4F7556}") = "Python.Runtime", "src\runtime\Python.Runtime.csproj", "{097B4AC0-74E9-4C58-BCF8-C69746EC8271}"
EndProject
Project("{9A19103F-16F7-4668-BE54-9A1E7A4F7556}") = "Python.EmbeddingTest", "src\embed_tests\Python.EmbeddingTest.csproj", "{4165C59D-2822-499F-A6DB-EACA4C331EB5}"
EndProject
Project("{9A19103F-16F7-4668-BE54-9A1E7A4F7556}") = "Console", "src\console\Console.csproj", "{6C429F44-22EB-4FDB-9DD9-EA55B0497E7D}"
EndProject
Project("{9A19103F-16F7-4668-BE54-9A1E7A4F7556}") = "Python.Test", "src\testing\Python.Test.csproj", "{BA04A0A4-706F-4469-BE07-2E9F3E6141DD}"
EndProject
Project("{9A19103F-16F7-4668-BE54-9A1E7A4F7556}") = "clrmodule", "src\clrmodule\clrmodule.csproj", "{39FC5D2C-EFD3-487D-9B9C-6F5464F27764}"
EndProject
Global
	GlobalSection(SolutionConfigurationPlatforms) = preSolution
		Debug|Any CPU = Debug|Any CPU
		Debug|x64 = Debug|x64
		Debug|x86 = Debug|x86
		DebugMono|Any CPU = DebugMono|Any CPU
		DebugMono|x64 = DebugMono|x64
		DebugMono|x86 = DebugMono|x86
		DebugMonoPY3|Any CPU = DebugMonoPY3|Any CPU
		DebugMonoPY3|x64 = DebugMonoPY3|x64
		DebugMonoPY3|x86 = DebugMonoPY3|x86
		DebugWin|Any CPU = DebugWin|Any CPU
		DebugWin|x64 = DebugWin|x64
		DebugWin|x86 = DebugWin|x86
		DebugWinPY3|Any CPU = DebugWinPY3|Any CPU
		DebugWinPY3|x64 = DebugWinPY3|x64
		DebugWinPY3|x86 = DebugWinPY3|x86
		Release|Any CPU = Release|Any CPU
		Release|x64 = Release|x64
		Release|x86 = Release|x86
		ReleaseMono|Any CPU = ReleaseMono|Any CPU
		ReleaseMono|x64 = ReleaseMono|x64
		ReleaseMono|x86 = ReleaseMono|x86
		ReleaseMonoPY3|Any CPU = ReleaseMonoPY3|Any CPU
		ReleaseMonoPY3|x64 = ReleaseMonoPY3|x64
		ReleaseMonoPY3|x86 = ReleaseMonoPY3|x86
		ReleaseWin|Any CPU = ReleaseWin|Any CPU
		ReleaseWin|x64 = ReleaseWin|x64
		ReleaseWin|x86 = ReleaseWin|x86
		ReleaseWinPY3|Any CPU = ReleaseWinPY3|Any CPU
		ReleaseWinPY3|x64 = ReleaseWinPY3|x64
		ReleaseWinPY3|x86 = ReleaseWinPY3|x86
	EndGlobalSection
	GlobalSection(ProjectConfigurationPlatforms) = postSolution
		{097B4AC0-74E9-4C58-BCF8-C69746EC8271}.Debug|Any CPU.ActiveCfg = Debug|Any CPU
		{097B4AC0-74E9-4C58-BCF8-C69746EC8271}.Debug|Any CPU.Build.0 = Debug|Any CPU
		{097B4AC0-74E9-4C58-BCF8-C69746EC8271}.Debug|x64.ActiveCfg = Debug|Any CPU
		{097B4AC0-74E9-4C58-BCF8-C69746EC8271}.Debug|x64.Build.0 = Debug|Any CPU
		{097B4AC0-74E9-4C58-BCF8-C69746EC8271}.Debug|x86.ActiveCfg = Debug|Any CPU
		{097B4AC0-74E9-4C58-BCF8-C69746EC8271}.Debug|x86.Build.0 = Debug|Any CPU
		{097B4AC0-74E9-4C58-BCF8-C69746EC8271}.DebugMono|Any CPU.ActiveCfg = Debug|Any CPU
		{097B4AC0-74E9-4C58-BCF8-C69746EC8271}.DebugMono|Any CPU.Build.0 = Debug|Any CPU
		{097B4AC0-74E9-4C58-BCF8-C69746EC8271}.DebugMono|x64.ActiveCfg = Debug|Any CPU
		{097B4AC0-74E9-4C58-BCF8-C69746EC8271}.DebugMono|x64.Build.0 = Debug|Any CPU
		{097B4AC0-74E9-4C58-BCF8-C69746EC8271}.DebugMono|x86.ActiveCfg = Debug|Any CPU
		{097B4AC0-74E9-4C58-BCF8-C69746EC8271}.DebugMono|x86.Build.0 = Debug|Any CPU
		{097B4AC0-74E9-4C58-BCF8-C69746EC8271}.DebugMonoPY3|Any CPU.ActiveCfg = Debug|Any CPU
		{097B4AC0-74E9-4C58-BCF8-C69746EC8271}.DebugMonoPY3|Any CPU.Build.0 = Debug|Any CPU
		{097B4AC0-74E9-4C58-BCF8-C69746EC8271}.DebugMonoPY3|x64.ActiveCfg = Debug|Any CPU
		{097B4AC0-74E9-4C58-BCF8-C69746EC8271}.DebugMonoPY3|x64.Build.0 = Debug|Any CPU
		{097B4AC0-74E9-4C58-BCF8-C69746EC8271}.DebugMonoPY3|x86.ActiveCfg = Debug|Any CPU
		{097B4AC0-74E9-4C58-BCF8-C69746EC8271}.DebugMonoPY3|x86.Build.0 = Debug|Any CPU
		{097B4AC0-74E9-4C58-BCF8-C69746EC8271}.DebugWin|Any CPU.ActiveCfg = Debug|Any CPU
		{097B4AC0-74E9-4C58-BCF8-C69746EC8271}.DebugWin|Any CPU.Build.0 = Debug|Any CPU
		{097B4AC0-74E9-4C58-BCF8-C69746EC8271}.DebugWin|x64.ActiveCfg = Debug|Any CPU
		{097B4AC0-74E9-4C58-BCF8-C69746EC8271}.DebugWin|x64.Build.0 = Debug|Any CPU
		{097B4AC0-74E9-4C58-BCF8-C69746EC8271}.DebugWin|x86.ActiveCfg = Debug|Any CPU
		{097B4AC0-74E9-4C58-BCF8-C69746EC8271}.DebugWin|x86.Build.0 = Debug|Any CPU
		{097B4AC0-74E9-4C58-BCF8-C69746EC8271}.DebugWinPY3|Any CPU.ActiveCfg = Debug|Any CPU
		{097B4AC0-74E9-4C58-BCF8-C69746EC8271}.DebugWinPY3|Any CPU.Build.0 = Debug|Any CPU
		{097B4AC0-74E9-4C58-BCF8-C69746EC8271}.DebugWinPY3|x64.ActiveCfg = Debug|Any CPU
		{097B4AC0-74E9-4C58-BCF8-C69746EC8271}.DebugWinPY3|x64.Build.0 = Debug|Any CPU
		{097B4AC0-74E9-4C58-BCF8-C69746EC8271}.DebugWinPY3|x86.ActiveCfg = Debug|Any CPU
		{097B4AC0-74E9-4C58-BCF8-C69746EC8271}.DebugWinPY3|x86.Build.0 = Debug|Any CPU
		{097B4AC0-74E9-4C58-BCF8-C69746EC8271}.Release|Any CPU.ActiveCfg = Release|Any CPU
		{097B4AC0-74E9-4C58-BCF8-C69746EC8271}.Release|Any CPU.Build.0 = Release|Any CPU
		{097B4AC0-74E9-4C58-BCF8-C69746EC8271}.Release|x64.ActiveCfg = Release|Any CPU
		{097B4AC0-74E9-4C58-BCF8-C69746EC8271}.Release|x64.Build.0 = Release|Any CPU
		{097B4AC0-74E9-4C58-BCF8-C69746EC8271}.Release|x86.ActiveCfg = Release|Any CPU
		{097B4AC0-74E9-4C58-BCF8-C69746EC8271}.Release|x86.Build.0 = Release|Any CPU
		{097B4AC0-74E9-4C58-BCF8-C69746EC8271}.ReleaseMono|Any CPU.ActiveCfg = Release|Any CPU
		{097B4AC0-74E9-4C58-BCF8-C69746EC8271}.ReleaseMono|Any CPU.Build.0 = Release|Any CPU
		{097B4AC0-74E9-4C58-BCF8-C69746EC8271}.ReleaseMono|x64.ActiveCfg = Release|Any CPU
		{097B4AC0-74E9-4C58-BCF8-C69746EC8271}.ReleaseMono|x64.Build.0 = Release|Any CPU
		{097B4AC0-74E9-4C58-BCF8-C69746EC8271}.ReleaseMono|x86.ActiveCfg = Release|Any CPU
		{097B4AC0-74E9-4C58-BCF8-C69746EC8271}.ReleaseMono|x86.Build.0 = Release|Any CPU
		{097B4AC0-74E9-4C58-BCF8-C69746EC8271}.ReleaseMonoPY3|Any CPU.ActiveCfg = Release|Any CPU
		{097B4AC0-74E9-4C58-BCF8-C69746EC8271}.ReleaseMonoPY3|Any CPU.Build.0 = Release|Any CPU
		{097B4AC0-74E9-4C58-BCF8-C69746EC8271}.ReleaseMonoPY3|x64.ActiveCfg = Release|Any CPU
		{097B4AC0-74E9-4C58-BCF8-C69746EC8271}.ReleaseMonoPY3|x64.Build.0 = Release|Any CPU
		{097B4AC0-74E9-4C58-BCF8-C69746EC8271}.ReleaseMonoPY3|x86.ActiveCfg = Release|Any CPU
		{097B4AC0-74E9-4C58-BCF8-C69746EC8271}.ReleaseMonoPY3|x86.Build.0 = Release|Any CPU
		{097B4AC0-74E9-4C58-BCF8-C69746EC8271}.ReleaseWin|Any CPU.ActiveCfg = Release|Any CPU
		{097B4AC0-74E9-4C58-BCF8-C69746EC8271}.ReleaseWin|Any CPU.Build.0 = Release|Any CPU
		{097B4AC0-74E9-4C58-BCF8-C69746EC8271}.ReleaseWin|x64.ActiveCfg = Release|Any CPU
		{097B4AC0-74E9-4C58-BCF8-C69746EC8271}.ReleaseWin|x64.Build.0 = Release|Any CPU
		{097B4AC0-74E9-4C58-BCF8-C69746EC8271}.ReleaseWin|x86.ActiveCfg = Release|Any CPU
		{097B4AC0-74E9-4C58-BCF8-C69746EC8271}.ReleaseWin|x86.Build.0 = Release|Any CPU
		{097B4AC0-74E9-4C58-BCF8-C69746EC8271}.ReleaseWinPY3|Any CPU.ActiveCfg = Release|Any CPU
		{097B4AC0-74E9-4C58-BCF8-C69746EC8271}.ReleaseWinPY3|Any CPU.Build.0 = Release|Any CPU
		{097B4AC0-74E9-4C58-BCF8-C69746EC8271}.ReleaseWinPY3|x64.ActiveCfg = Release|Any CPU
		{097B4AC0-74E9-4C58-BCF8-C69746EC8271}.ReleaseWinPY3|x64.Build.0 = Release|Any CPU
		{097B4AC0-74E9-4C58-BCF8-C69746EC8271}.ReleaseWinPY3|x86.ActiveCfg = Release|Any CPU
		{097B4AC0-74E9-4C58-BCF8-C69746EC8271}.ReleaseWinPY3|x86.Build.0 = Release|Any CPU
		{4165C59D-2822-499F-A6DB-EACA4C331EB5}.Debug|Any CPU.ActiveCfg = Debug|Any CPU
		{4165C59D-2822-499F-A6DB-EACA4C331EB5}.Debug|Any CPU.Build.0 = Debug|Any CPU
		{4165C59D-2822-499F-A6DB-EACA4C331EB5}.Debug|x64.ActiveCfg = Debug|Any CPU
		{4165C59D-2822-499F-A6DB-EACA4C331EB5}.Debug|x64.Build.0 = Debug|Any CPU
		{4165C59D-2822-499F-A6DB-EACA4C331EB5}.Debug|x86.ActiveCfg = Debug|Any CPU
		{4165C59D-2822-499F-A6DB-EACA4C331EB5}.Debug|x86.Build.0 = Debug|Any CPU
		{4165C59D-2822-499F-A6DB-EACA4C331EB5}.DebugMono|Any CPU.ActiveCfg = Debug|Any CPU
		{4165C59D-2822-499F-A6DB-EACA4C331EB5}.DebugMono|Any CPU.Build.0 = Debug|Any CPU
		{4165C59D-2822-499F-A6DB-EACA4C331EB5}.DebugMono|x64.ActiveCfg = Debug|Any CPU
		{4165C59D-2822-499F-A6DB-EACA4C331EB5}.DebugMono|x64.Build.0 = Debug|Any CPU
		{4165C59D-2822-499F-A6DB-EACA4C331EB5}.DebugMono|x86.ActiveCfg = Debug|Any CPU
		{4165C59D-2822-499F-A6DB-EACA4C331EB5}.DebugMono|x86.Build.0 = Debug|Any CPU
		{4165C59D-2822-499F-A6DB-EACA4C331EB5}.DebugMonoPY3|Any CPU.ActiveCfg = Debug|Any CPU
		{4165C59D-2822-499F-A6DB-EACA4C331EB5}.DebugMonoPY3|Any CPU.Build.0 = Debug|Any CPU
		{4165C59D-2822-499F-A6DB-EACA4C331EB5}.DebugMonoPY3|x64.ActiveCfg = Debug|Any CPU
		{4165C59D-2822-499F-A6DB-EACA4C331EB5}.DebugMonoPY3|x64.Build.0 = Debug|Any CPU
		{4165C59D-2822-499F-A6DB-EACA4C331EB5}.DebugMonoPY3|x86.ActiveCfg = Debug|Any CPU
		{4165C59D-2822-499F-A6DB-EACA4C331EB5}.DebugMonoPY3|x86.Build.0 = Debug|Any CPU
		{4165C59D-2822-499F-A6DB-EACA4C331EB5}.DebugWin|Any CPU.ActiveCfg = Debug|Any CPU
		{4165C59D-2822-499F-A6DB-EACA4C331EB5}.DebugWin|Any CPU.Build.0 = Debug|Any CPU
		{4165C59D-2822-499F-A6DB-EACA4C331EB5}.DebugWin|x64.ActiveCfg = Debug|Any CPU
		{4165C59D-2822-499F-A6DB-EACA4C331EB5}.DebugWin|x64.Build.0 = Debug|Any CPU
		{4165C59D-2822-499F-A6DB-EACA4C331EB5}.DebugWin|x86.ActiveCfg = Debug|Any CPU
		{4165C59D-2822-499F-A6DB-EACA4C331EB5}.DebugWin|x86.Build.0 = Debug|Any CPU
		{4165C59D-2822-499F-A6DB-EACA4C331EB5}.DebugWinPY3|Any CPU.ActiveCfg = Debug|Any CPU
		{4165C59D-2822-499F-A6DB-EACA4C331EB5}.DebugWinPY3|Any CPU.Build.0 = Debug|Any CPU
		{4165C59D-2822-499F-A6DB-EACA4C331EB5}.DebugWinPY3|x64.ActiveCfg = Debug|Any CPU
		{4165C59D-2822-499F-A6DB-EACA4C331EB5}.DebugWinPY3|x64.Build.0 = Debug|Any CPU
		{4165C59D-2822-499F-A6DB-EACA4C331EB5}.DebugWinPY3|x86.ActiveCfg = Debug|Any CPU
		{4165C59D-2822-499F-A6DB-EACA4C331EB5}.DebugWinPY3|x86.Build.0 = Debug|Any CPU
		{4165C59D-2822-499F-A6DB-EACA4C331EB5}.Release|Any CPU.ActiveCfg = Release|Any CPU
		{4165C59D-2822-499F-A6DB-EACA4C331EB5}.Release|Any CPU.Build.0 = Release|Any CPU
		{4165C59D-2822-499F-A6DB-EACA4C331EB5}.Release|x64.ActiveCfg = Release|Any CPU
		{4165C59D-2822-499F-A6DB-EACA4C331EB5}.Release|x64.Build.0 = Release|Any CPU
		{4165C59D-2822-499F-A6DB-EACA4C331EB5}.Release|x86.ActiveCfg = Release|Any CPU
		{4165C59D-2822-499F-A6DB-EACA4C331EB5}.Release|x86.Build.0 = Release|Any CPU
		{4165C59D-2822-499F-A6DB-EACA4C331EB5}.ReleaseMono|Any CPU.ActiveCfg = Release|Any CPU
		{4165C59D-2822-499F-A6DB-EACA4C331EB5}.ReleaseMono|Any CPU.Build.0 = Release|Any CPU
		{4165C59D-2822-499F-A6DB-EACA4C331EB5}.ReleaseMono|x64.ActiveCfg = Release|Any CPU
		{4165C59D-2822-499F-A6DB-EACA4C331EB5}.ReleaseMono|x64.Build.0 = Release|Any CPU
		{4165C59D-2822-499F-A6DB-EACA4C331EB5}.ReleaseMono|x86.ActiveCfg = Release|Any CPU
		{4165C59D-2822-499F-A6DB-EACA4C331EB5}.ReleaseMono|x86.Build.0 = Release|Any CPU
		{4165C59D-2822-499F-A6DB-EACA4C331EB5}.ReleaseMonoPY3|Any CPU.ActiveCfg = Release|Any CPU
		{4165C59D-2822-499F-A6DB-EACA4C331EB5}.ReleaseMonoPY3|Any CPU.Build.0 = Release|Any CPU
		{4165C59D-2822-499F-A6DB-EACA4C331EB5}.ReleaseMonoPY3|x64.ActiveCfg = Release|Any CPU
		{4165C59D-2822-499F-A6DB-EACA4C331EB5}.ReleaseMonoPY3|x64.Build.0 = Release|Any CPU
		{4165C59D-2822-499F-A6DB-EACA4C331EB5}.ReleaseMonoPY3|x86.ActiveCfg = Release|Any CPU
		{4165C59D-2822-499F-A6DB-EACA4C331EB5}.ReleaseMonoPY3|x86.Build.0 = Release|Any CPU
		{4165C59D-2822-499F-A6DB-EACA4C331EB5}.ReleaseWin|Any CPU.ActiveCfg = Release|Any CPU
		{4165C59D-2822-499F-A6DB-EACA4C331EB5}.ReleaseWin|Any CPU.Build.0 = Release|Any CPU
		{4165C59D-2822-499F-A6DB-EACA4C331EB5}.ReleaseWin|x64.ActiveCfg = Release|Any CPU
		{4165C59D-2822-499F-A6DB-EACA4C331EB5}.ReleaseWin|x64.Build.0 = Release|Any CPU
		{4165C59D-2822-499F-A6DB-EACA4C331EB5}.ReleaseWin|x86.ActiveCfg = Release|Any CPU
		{4165C59D-2822-499F-A6DB-EACA4C331EB5}.ReleaseWin|x86.Build.0 = Release|Any CPU
		{4165C59D-2822-499F-A6DB-EACA4C331EB5}.ReleaseWinPY3|Any CPU.ActiveCfg = Release|Any CPU
		{4165C59D-2822-499F-A6DB-EACA4C331EB5}.ReleaseWinPY3|Any CPU.Build.0 = Release|Any CPU
		{4165C59D-2822-499F-A6DB-EACA4C331EB5}.ReleaseWinPY3|x64.ActiveCfg = Release|Any CPU
		{4165C59D-2822-499F-A6DB-EACA4C331EB5}.ReleaseWinPY3|x64.Build.0 = Release|Any CPU
		{4165C59D-2822-499F-A6DB-EACA4C331EB5}.ReleaseWinPY3|x86.ActiveCfg = Release|Any CPU
		{4165C59D-2822-499F-A6DB-EACA4C331EB5}.ReleaseWinPY3|x86.Build.0 = Release|Any CPU
		{6C429F44-22EB-4FDB-9DD9-EA55B0497E7D}.Debug|Any CPU.ActiveCfg = Debug|Any CPU
		{6C429F44-22EB-4FDB-9DD9-EA55B0497E7D}.Debug|Any CPU.Build.0 = Debug|Any CPU
		{6C429F44-22EB-4FDB-9DD9-EA55B0497E7D}.Debug|x64.ActiveCfg = Debug|Any CPU
		{6C429F44-22EB-4FDB-9DD9-EA55B0497E7D}.Debug|x64.Build.0 = Debug|Any CPU
		{6C429F44-22EB-4FDB-9DD9-EA55B0497E7D}.Debug|x86.ActiveCfg = Debug|Any CPU
		{6C429F44-22EB-4FDB-9DD9-EA55B0497E7D}.Debug|x86.Build.0 = Debug|Any CPU
		{6C429F44-22EB-4FDB-9DD9-EA55B0497E7D}.DebugMono|Any CPU.ActiveCfg = Debug|Any CPU
		{6C429F44-22EB-4FDB-9DD9-EA55B0497E7D}.DebugMono|Any CPU.Build.0 = Debug|Any CPU
		{6C429F44-22EB-4FDB-9DD9-EA55B0497E7D}.DebugMono|x64.ActiveCfg = Debug|Any CPU
		{6C429F44-22EB-4FDB-9DD9-EA55B0497E7D}.DebugMono|x64.Build.0 = Debug|Any CPU
		{6C429F44-22EB-4FDB-9DD9-EA55B0497E7D}.DebugMono|x86.ActiveCfg = Debug|Any CPU
		{6C429F44-22EB-4FDB-9DD9-EA55B0497E7D}.DebugMono|x86.Build.0 = Debug|Any CPU
		{6C429F44-22EB-4FDB-9DD9-EA55B0497E7D}.DebugMonoPY3|Any CPU.ActiveCfg = Debug|Any CPU
		{6C429F44-22EB-4FDB-9DD9-EA55B0497E7D}.DebugMonoPY3|Any CPU.Build.0 = Debug|Any CPU
		{6C429F44-22EB-4FDB-9DD9-EA55B0497E7D}.DebugMonoPY3|x64.ActiveCfg = Debug|Any CPU
		{6C429F44-22EB-4FDB-9DD9-EA55B0497E7D}.DebugMonoPY3|x64.Build.0 = Debug|Any CPU
		{6C429F44-22EB-4FDB-9DD9-EA55B0497E7D}.DebugMonoPY3|x86.ActiveCfg = Debug|Any CPU
		{6C429F44-22EB-4FDB-9DD9-EA55B0497E7D}.DebugMonoPY3|x86.Build.0 = Debug|Any CPU
		{6C429F44-22EB-4FDB-9DD9-EA55B0497E7D}.DebugWin|Any CPU.ActiveCfg = Debug|Any CPU
		{6C429F44-22EB-4FDB-9DD9-EA55B0497E7D}.DebugWin|Any CPU.Build.0 = Debug|Any CPU
		{6C429F44-22EB-4FDB-9DD9-EA55B0497E7D}.DebugWin|x64.ActiveCfg = Debug|Any CPU
		{6C429F44-22EB-4FDB-9DD9-EA55B0497E7D}.DebugWin|x64.Build.0 = Debug|Any CPU
		{6C429F44-22EB-4FDB-9DD9-EA55B0497E7D}.DebugWin|x86.ActiveCfg = Debug|Any CPU
		{6C429F44-22EB-4FDB-9DD9-EA55B0497E7D}.DebugWin|x86.Build.0 = Debug|Any CPU
		{6C429F44-22EB-4FDB-9DD9-EA55B0497E7D}.DebugWinPY3|Any CPU.ActiveCfg = Debug|Any CPU
		{6C429F44-22EB-4FDB-9DD9-EA55B0497E7D}.DebugWinPY3|Any CPU.Build.0 = Debug|Any CPU
		{6C429F44-22EB-4FDB-9DD9-EA55B0497E7D}.DebugWinPY3|x64.ActiveCfg = Debug|Any CPU
		{6C429F44-22EB-4FDB-9DD9-EA55B0497E7D}.DebugWinPY3|x64.Build.0 = Debug|Any CPU
		{6C429F44-22EB-4FDB-9DD9-EA55B0497E7D}.DebugWinPY3|x86.ActiveCfg = Debug|Any CPU
		{6C429F44-22EB-4FDB-9DD9-EA55B0497E7D}.DebugWinPY3|x86.Build.0 = Debug|Any CPU
		{6C429F44-22EB-4FDB-9DD9-EA55B0497E7D}.Release|Any CPU.ActiveCfg = Release|Any CPU
		{6C429F44-22EB-4FDB-9DD9-EA55B0497E7D}.Release|Any CPU.Build.0 = Release|Any CPU
		{6C429F44-22EB-4FDB-9DD9-EA55B0497E7D}.Release|x64.ActiveCfg = Release|Any CPU
		{6C429F44-22EB-4FDB-9DD9-EA55B0497E7D}.Release|x64.Build.0 = Release|Any CPU
		{6C429F44-22EB-4FDB-9DD9-EA55B0497E7D}.Release|x86.ActiveCfg = Release|Any CPU
		{6C429F44-22EB-4FDB-9DD9-EA55B0497E7D}.Release|x86.Build.0 = Release|Any CPU
		{6C429F44-22EB-4FDB-9DD9-EA55B0497E7D}.ReleaseMono|Any CPU.ActiveCfg = Release|Any CPU
		{6C429F44-22EB-4FDB-9DD9-EA55B0497E7D}.ReleaseMono|Any CPU.Build.0 = Release|Any CPU
		{6C429F44-22EB-4FDB-9DD9-EA55B0497E7D}.ReleaseMono|x64.ActiveCfg = Release|Any CPU
		{6C429F44-22EB-4FDB-9DD9-EA55B0497E7D}.ReleaseMono|x64.Build.0 = Release|Any CPU
		{6C429F44-22EB-4FDB-9DD9-EA55B0497E7D}.ReleaseMono|x86.ActiveCfg = Release|Any CPU
		{6C429F44-22EB-4FDB-9DD9-EA55B0497E7D}.ReleaseMono|x86.Build.0 = Release|Any CPU
		{6C429F44-22EB-4FDB-9DD9-EA55B0497E7D}.ReleaseMonoPY3|Any CPU.ActiveCfg = Release|Any CPU
		{6C429F44-22EB-4FDB-9DD9-EA55B0497E7D}.ReleaseMonoPY3|Any CPU.Build.0 = Release|Any CPU
		{6C429F44-22EB-4FDB-9DD9-EA55B0497E7D}.ReleaseMonoPY3|x64.ActiveCfg = Release|Any CPU
		{6C429F44-22EB-4FDB-9DD9-EA55B0497E7D}.ReleaseMonoPY3|x64.Build.0 = Release|Any CPU
		{6C429F44-22EB-4FDB-9DD9-EA55B0497E7D}.ReleaseMonoPY3|x86.ActiveCfg = Release|Any CPU
		{6C429F44-22EB-4FDB-9DD9-EA55B0497E7D}.ReleaseMonoPY3|x86.Build.0 = Release|Any CPU
		{6C429F44-22EB-4FDB-9DD9-EA55B0497E7D}.ReleaseWin|Any CPU.ActiveCfg = Release|Any CPU
		{6C429F44-22EB-4FDB-9DD9-EA55B0497E7D}.ReleaseWin|Any CPU.Build.0 = Release|Any CPU
		{6C429F44-22EB-4FDB-9DD9-EA55B0497E7D}.ReleaseWin|x64.ActiveCfg = Release|Any CPU
		{6C429F44-22EB-4FDB-9DD9-EA55B0497E7D}.ReleaseWin|x64.Build.0 = Release|Any CPU
		{6C429F44-22EB-4FDB-9DD9-EA55B0497E7D}.ReleaseWin|x86.ActiveCfg = Release|Any CPU
		{6C429F44-22EB-4FDB-9DD9-EA55B0497E7D}.ReleaseWin|x86.Build.0 = Release|Any CPU
		{6C429F44-22EB-4FDB-9DD9-EA55B0497E7D}.ReleaseWinPY3|Any CPU.ActiveCfg = Release|Any CPU
		{6C429F44-22EB-4FDB-9DD9-EA55B0497E7D}.ReleaseWinPY3|Any CPU.Build.0 = Release|Any CPU
		{6C429F44-22EB-4FDB-9DD9-EA55B0497E7D}.ReleaseWinPY3|x64.ActiveCfg = Release|Any CPU
		{6C429F44-22EB-4FDB-9DD9-EA55B0497E7D}.ReleaseWinPY3|x64.Build.0 = Release|Any CPU
		{6C429F44-22EB-4FDB-9DD9-EA55B0497E7D}.ReleaseWinPY3|x86.ActiveCfg = Release|Any CPU
		{6C429F44-22EB-4FDB-9DD9-EA55B0497E7D}.ReleaseWinPY3|x86.Build.0 = Release|Any CPU
		{BA04A0A4-706F-4469-BE07-2E9F3E6141DD}.Debug|Any CPU.ActiveCfg = Debug|Any CPU
		{BA04A0A4-706F-4469-BE07-2E9F3E6141DD}.Debug|Any CPU.Build.0 = Debug|Any CPU
		{BA04A0A4-706F-4469-BE07-2E9F3E6141DD}.Debug|x64.ActiveCfg = Debug|Any CPU
		{BA04A0A4-706F-4469-BE07-2E9F3E6141DD}.Debug|x64.Build.0 = Debug|Any CPU
		{BA04A0A4-706F-4469-BE07-2E9F3E6141DD}.Debug|x86.ActiveCfg = Debug|Any CPU
		{BA04A0A4-706F-4469-BE07-2E9F3E6141DD}.Debug|x86.Build.0 = Debug|Any CPU
		{BA04A0A4-706F-4469-BE07-2E9F3E6141DD}.DebugMono|Any CPU.ActiveCfg = Debug|Any CPU
		{BA04A0A4-706F-4469-BE07-2E9F3E6141DD}.DebugMono|Any CPU.Build.0 = Debug|Any CPU
		{BA04A0A4-706F-4469-BE07-2E9F3E6141DD}.DebugMono|x64.ActiveCfg = Debug|Any CPU
		{BA04A0A4-706F-4469-BE07-2E9F3E6141DD}.DebugMono|x64.Build.0 = Debug|Any CPU
		{BA04A0A4-706F-4469-BE07-2E9F3E6141DD}.DebugMono|x86.ActiveCfg = Debug|Any CPU
		{BA04A0A4-706F-4469-BE07-2E9F3E6141DD}.DebugMono|x86.Build.0 = Debug|Any CPU
		{BA04A0A4-706F-4469-BE07-2E9F3E6141DD}.DebugMonoPY3|Any CPU.ActiveCfg = Debug|Any CPU
		{BA04A0A4-706F-4469-BE07-2E9F3E6141DD}.DebugMonoPY3|Any CPU.Build.0 = Debug|Any CPU
		{BA04A0A4-706F-4469-BE07-2E9F3E6141DD}.DebugMonoPY3|x64.ActiveCfg = Debug|Any CPU
		{BA04A0A4-706F-4469-BE07-2E9F3E6141DD}.DebugMonoPY3|x64.Build.0 = Debug|Any CPU
		{BA04A0A4-706F-4469-BE07-2E9F3E6141DD}.DebugMonoPY3|x86.ActiveCfg = Debug|Any CPU
		{BA04A0A4-706F-4469-BE07-2E9F3E6141DD}.DebugMonoPY3|x86.Build.0 = Debug|Any CPU
		{BA04A0A4-706F-4469-BE07-2E9F3E6141DD}.DebugWin|Any CPU.ActiveCfg = Debug|Any CPU
		{BA04A0A4-706F-4469-BE07-2E9F3E6141DD}.DebugWin|Any CPU.Build.0 = Debug|Any CPU
		{BA04A0A4-706F-4469-BE07-2E9F3E6141DD}.DebugWin|x64.ActiveCfg = Debug|Any CPU
		{BA04A0A4-706F-4469-BE07-2E9F3E6141DD}.DebugWin|x64.Build.0 = Debug|Any CPU
		{BA04A0A4-706F-4469-BE07-2E9F3E6141DD}.DebugWin|x86.ActiveCfg = Debug|Any CPU
		{BA04A0A4-706F-4469-BE07-2E9F3E6141DD}.DebugWin|x86.Build.0 = Debug|Any CPU
		{BA04A0A4-706F-4469-BE07-2E9F3E6141DD}.DebugWinPY3|Any CPU.ActiveCfg = Debug|Any CPU
		{BA04A0A4-706F-4469-BE07-2E9F3E6141DD}.DebugWinPY3|Any CPU.Build.0 = Debug|Any CPU
		{BA04A0A4-706F-4469-BE07-2E9F3E6141DD}.DebugWinPY3|x64.ActiveCfg = Debug|Any CPU
		{BA04A0A4-706F-4469-BE07-2E9F3E6141DD}.DebugWinPY3|x64.Build.0 = Debug|Any CPU
		{BA04A0A4-706F-4469-BE07-2E9F3E6141DD}.DebugWinPY3|x86.ActiveCfg = Debug|Any CPU
		{BA04A0A4-706F-4469-BE07-2E9F3E6141DD}.DebugWinPY3|x86.Build.0 = Debug|Any CPU
		{BA04A0A4-706F-4469-BE07-2E9F3E6141DD}.Release|Any CPU.ActiveCfg = Release|Any CPU
		{BA04A0A4-706F-4469-BE07-2E9F3E6141DD}.Release|Any CPU.Build.0 = Release|Any CPU
		{BA04A0A4-706F-4469-BE07-2E9F3E6141DD}.Release|x64.ActiveCfg = Release|Any CPU
		{BA04A0A4-706F-4469-BE07-2E9F3E6141DD}.Release|x64.Build.0 = Release|Any CPU
		{BA04A0A4-706F-4469-BE07-2E9F3E6141DD}.Release|x86.ActiveCfg = Release|Any CPU
		{BA04A0A4-706F-4469-BE07-2E9F3E6141DD}.Release|x86.Build.0 = Release|Any CPU
		{BA04A0A4-706F-4469-BE07-2E9F3E6141DD}.ReleaseMono|Any CPU.ActiveCfg = Release|Any CPU
		{BA04A0A4-706F-4469-BE07-2E9F3E6141DD}.ReleaseMono|Any CPU.Build.0 = Release|Any CPU
		{BA04A0A4-706F-4469-BE07-2E9F3E6141DD}.ReleaseMono|x64.ActiveCfg = Release|Any CPU
		{BA04A0A4-706F-4469-BE07-2E9F3E6141DD}.ReleaseMono|x64.Build.0 = Release|Any CPU
		{BA04A0A4-706F-4469-BE07-2E9F3E6141DD}.ReleaseMono|x86.ActiveCfg = Release|Any CPU
		{BA04A0A4-706F-4469-BE07-2E9F3E6141DD}.ReleaseMono|x86.Build.0 = Release|Any CPU
		{BA04A0A4-706F-4469-BE07-2E9F3E6141DD}.ReleaseMonoPY3|Any CPU.ActiveCfg = Release|Any CPU
		{BA04A0A4-706F-4469-BE07-2E9F3E6141DD}.ReleaseMonoPY3|Any CPU.Build.0 = Release|Any CPU
		{BA04A0A4-706F-4469-BE07-2E9F3E6141DD}.ReleaseMonoPY3|x64.ActiveCfg = Release|Any CPU
		{BA04A0A4-706F-4469-BE07-2E9F3E6141DD}.ReleaseMonoPY3|x64.Build.0 = Release|Any CPU
		{BA04A0A4-706F-4469-BE07-2E9F3E6141DD}.ReleaseMonoPY3|x86.ActiveCfg = Release|Any CPU
		{BA04A0A4-706F-4469-BE07-2E9F3E6141DD}.ReleaseMonoPY3|x86.Build.0 = Release|Any CPU
		{BA04A0A4-706F-4469-BE07-2E9F3E6141DD}.ReleaseWin|Any CPU.ActiveCfg = Release|Any CPU
		{BA04A0A4-706F-4469-BE07-2E9F3E6141DD}.ReleaseWin|Any CPU.Build.0 = Release|Any CPU
		{BA04A0A4-706F-4469-BE07-2E9F3E6141DD}.ReleaseWin|x64.ActiveCfg = Release|Any CPU
		{BA04A0A4-706F-4469-BE07-2E9F3E6141DD}.ReleaseWin|x64.Build.0 = Release|Any CPU
		{BA04A0A4-706F-4469-BE07-2E9F3E6141DD}.ReleaseWin|x86.ActiveCfg = Release|Any CPU
		{BA04A0A4-706F-4469-BE07-2E9F3E6141DD}.ReleaseWin|x86.Build.0 = Release|Any CPU
		{BA04A0A4-706F-4469-BE07-2E9F3E6141DD}.ReleaseWinPY3|Any CPU.ActiveCfg = Release|Any CPU
		{BA04A0A4-706F-4469-BE07-2E9F3E6141DD}.ReleaseWinPY3|Any CPU.Build.0 = Release|Any CPU
		{BA04A0A4-706F-4469-BE07-2E9F3E6141DD}.ReleaseWinPY3|x64.ActiveCfg = Release|Any CPU
		{BA04A0A4-706F-4469-BE07-2E9F3E6141DD}.ReleaseWinPY3|x64.Build.0 = Release|Any CPU
		{BA04A0A4-706F-4469-BE07-2E9F3E6141DD}.ReleaseWinPY3|x86.ActiveCfg = Release|Any CPU
		{BA04A0A4-706F-4469-BE07-2E9F3E6141DD}.ReleaseWinPY3|x86.Build.0 = Release|Any CPU
		{39FC5D2C-EFD3-487D-9B9C-6F5464F27764}.Debug|Any CPU.ActiveCfg = Debug|Any CPU
		{39FC5D2C-EFD3-487D-9B9C-6F5464F27764}.Debug|Any CPU.Build.0 = Debug|Any CPU
		{39FC5D2C-EFD3-487D-9B9C-6F5464F27764}.Debug|x64.ActiveCfg = Debug|Any CPU
		{39FC5D2C-EFD3-487D-9B9C-6F5464F27764}.Debug|x64.Build.0 = Debug|Any CPU
		{39FC5D2C-EFD3-487D-9B9C-6F5464F27764}.Debug|x86.ActiveCfg = Debug|Any CPU
		{39FC5D2C-EFD3-487D-9B9C-6F5464F27764}.Debug|x86.Build.0 = Debug|Any CPU
		{39FC5D2C-EFD3-487D-9B9C-6F5464F27764}.DebugMono|Any CPU.ActiveCfg = Debug|Any CPU
		{39FC5D2C-EFD3-487D-9B9C-6F5464F27764}.DebugMono|Any CPU.Build.0 = Debug|Any CPU
		{39FC5D2C-EFD3-487D-9B9C-6F5464F27764}.DebugMono|x64.ActiveCfg = Debug|Any CPU
		{39FC5D2C-EFD3-487D-9B9C-6F5464F27764}.DebugMono|x64.Build.0 = Debug|Any CPU
		{39FC5D2C-EFD3-487D-9B9C-6F5464F27764}.DebugMono|x86.ActiveCfg = Debug|Any CPU
		{39FC5D2C-EFD3-487D-9B9C-6F5464F27764}.DebugMono|x86.Build.0 = Debug|Any CPU
		{39FC5D2C-EFD3-487D-9B9C-6F5464F27764}.DebugMonoPY3|Any CPU.ActiveCfg = Debug|Any CPU
		{39FC5D2C-EFD3-487D-9B9C-6F5464F27764}.DebugMonoPY3|Any CPU.Build.0 = Debug|Any CPU
		{39FC5D2C-EFD3-487D-9B9C-6F5464F27764}.DebugMonoPY3|x64.ActiveCfg = Debug|Any CPU
		{39FC5D2C-EFD3-487D-9B9C-6F5464F27764}.DebugMonoPY3|x64.Build.0 = Debug|Any CPU
		{39FC5D2C-EFD3-487D-9B9C-6F5464F27764}.DebugMonoPY3|x86.ActiveCfg = Debug|Any CPU
		{39FC5D2C-EFD3-487D-9B9C-6F5464F27764}.DebugMonoPY3|x86.Build.0 = Debug|Any CPU
		{39FC5D2C-EFD3-487D-9B9C-6F5464F27764}.DebugWin|Any CPU.ActiveCfg = Debug|Any CPU
		{39FC5D2C-EFD3-487D-9B9C-6F5464F27764}.DebugWin|Any CPU.Build.0 = Debug|Any CPU
		{39FC5D2C-EFD3-487D-9B9C-6F5464F27764}.DebugWin|x64.ActiveCfg = Debug|Any CPU
		{39FC5D2C-EFD3-487D-9B9C-6F5464F27764}.DebugWin|x64.Build.0 = Debug|Any CPU
		{39FC5D2C-EFD3-487D-9B9C-6F5464F27764}.DebugWin|x86.ActiveCfg = Debug|Any CPU
		{39FC5D2C-EFD3-487D-9B9C-6F5464F27764}.DebugWin|x86.Build.0 = Debug|Any CPU
		{39FC5D2C-EFD3-487D-9B9C-6F5464F27764}.DebugWinPY3|Any CPU.ActiveCfg = Debug|Any CPU
		{39FC5D2C-EFD3-487D-9B9C-6F5464F27764}.DebugWinPY3|Any CPU.Build.0 = Debug|Any CPU
		{39FC5D2C-EFD3-487D-9B9C-6F5464F27764}.DebugWinPY3|x64.ActiveCfg = Debug|Any CPU
		{39FC5D2C-EFD3-487D-9B9C-6F5464F27764}.DebugWinPY3|x64.Build.0 = Debug|Any CPU
		{39FC5D2C-EFD3-487D-9B9C-6F5464F27764}.DebugWinPY3|x86.ActiveCfg = Debug|Any CPU
		{39FC5D2C-EFD3-487D-9B9C-6F5464F27764}.DebugWinPY3|x86.Build.0 = Debug|Any CPU
		{39FC5D2C-EFD3-487D-9B9C-6F5464F27764}.Release|Any CPU.ActiveCfg = Release|Any CPU
		{39FC5D2C-EFD3-487D-9B9C-6F5464F27764}.Release|Any CPU.Build.0 = Release|Any CPU
		{39FC5D2C-EFD3-487D-9B9C-6F5464F27764}.Release|x64.ActiveCfg = Release|Any CPU
		{39FC5D2C-EFD3-487D-9B9C-6F5464F27764}.Release|x64.Build.0 = Release|Any CPU
		{39FC5D2C-EFD3-487D-9B9C-6F5464F27764}.Release|x86.ActiveCfg = Release|Any CPU
		{39FC5D2C-EFD3-487D-9B9C-6F5464F27764}.Release|x86.Build.0 = Release|Any CPU
		{39FC5D2C-EFD3-487D-9B9C-6F5464F27764}.ReleaseMono|Any CPU.ActiveCfg = Release|Any CPU
		{39FC5D2C-EFD3-487D-9B9C-6F5464F27764}.ReleaseMono|Any CPU.Build.0 = Release|Any CPU
		{39FC5D2C-EFD3-487D-9B9C-6F5464F27764}.ReleaseMono|x64.ActiveCfg = Release|Any CPU
		{39FC5D2C-EFD3-487D-9B9C-6F5464F27764}.ReleaseMono|x64.Build.0 = Release|Any CPU
		{39FC5D2C-EFD3-487D-9B9C-6F5464F27764}.ReleaseMono|x86.ActiveCfg = Release|Any CPU
		{39FC5D2C-EFD3-487D-9B9C-6F5464F27764}.ReleaseMono|x86.Build.0 = Release|Any CPU
		{39FC5D2C-EFD3-487D-9B9C-6F5464F27764}.ReleaseMonoPY3|Any CPU.ActiveCfg = Release|Any CPU
		{39FC5D2C-EFD3-487D-9B9C-6F5464F27764}.ReleaseMonoPY3|Any CPU.Build.0 = Release|Any CPU
		{39FC5D2C-EFD3-487D-9B9C-6F5464F27764}.ReleaseMonoPY3|x64.ActiveCfg = Release|Any CPU
		{39FC5D2C-EFD3-487D-9B9C-6F5464F27764}.ReleaseMonoPY3|x64.Build.0 = Release|Any CPU
		{39FC5D2C-EFD3-487D-9B9C-6F5464F27764}.ReleaseMonoPY3|x86.ActiveCfg = Release|Any CPU
		{39FC5D2C-EFD3-487D-9B9C-6F5464F27764}.ReleaseMonoPY3|x86.Build.0 = Release|Any CPU
		{39FC5D2C-EFD3-487D-9B9C-6F5464F27764}.ReleaseWin|Any CPU.ActiveCfg = Release|Any CPU
		{39FC5D2C-EFD3-487D-9B9C-6F5464F27764}.ReleaseWin|Any CPU.Build.0 = Release|Any CPU
		{39FC5D2C-EFD3-487D-9B9C-6F5464F27764}.ReleaseWin|x64.ActiveCfg = Release|Any CPU
		{39FC5D2C-EFD3-487D-9B9C-6F5464F27764}.ReleaseWin|x64.Build.0 = Release|Any CPU
		{39FC5D2C-EFD3-487D-9B9C-6F5464F27764}.ReleaseWin|x86.ActiveCfg = Release|Any CPU
		{39FC5D2C-EFD3-487D-9B9C-6F5464F27764}.ReleaseWin|x86.Build.0 = Release|Any CPU
		{39FC5D2C-EFD3-487D-9B9C-6F5464F27764}.ReleaseWinPY3|Any CPU.ActiveCfg = Release|Any CPU
		{39FC5D2C-EFD3-487D-9B9C-6F5464F27764}.ReleaseWinPY3|Any CPU.Build.0 = Release|Any CPU
		{39FC5D2C-EFD3-487D-9B9C-6F5464F27764}.ReleaseWinPY3|x64.ActiveCfg = Release|Any CPU
		{39FC5D2C-EFD3-487D-9B9C-6F5464F27764}.ReleaseWinPY3|x64.Build.0 = Release|Any CPU
		{39FC5D2C-EFD3-487D-9B9C-6F5464F27764}.ReleaseWinPY3|x86.ActiveCfg = Release|Any CPU
		{39FC5D2C-EFD3-487D-9B9C-6F5464F27764}.ReleaseWinPY3|x86.Build.0 = Release|Any CPU
	EndGlobalSection
	GlobalSection(SolutionProperties) = preSolution
		HideSolutionNode = FALSE
	EndGlobalSection
	GlobalSection(ExtensibilityGlobals) = postSolution
		SolutionGuid = {6EBD48BE-33F5-44AA-9006-850A23CAE8BF}
	EndGlobalSection
	GlobalSection(MonoDevelopProperties) = preSolution
		StartupItem = src\console\Console.csproj
		Policies = $0
		$0.VersionControlPolicy = $1
		$1.inheritsSet = Mono
		$0.ChangeLogPolicy = $2
		$2.UpdateMode = None
		$2.MessageStyle = $3
		$3.LineAlign = 0
		$2.inheritsSet = Mono
	EndGlobalSection
EndGlobal
