Microsoft Visual Studio Solution File, Format Version 12.00
# Visual Studio 15
VisualStudioVersion = 15.0.26730.3
MinimumVisualStudioVersion = 10.0.40219.1
Project("{9A19103F-16F7-4668-BE54-9A1E7A4F7556}") = "Python.Runtime.15", "src/runtime/Python.Runtime.15.csproj", "{2759F4FF-716B-4828-916F-50FA86613DFC}"
EndProject
Project("{9A19103F-16F7-4668-BE54-9A1E7A4F7556}") = "Python.EmbeddingTest.15", "src/embed_tests/Python.EmbeddingTest.15.csproj", "{66B8D01A-9906-452A-B09E-BF75EA76468F}"
EndProject
Project("{9A19103F-16F7-4668-BE54-9A1E7A4F7556}") = "clrmodule.15", "src/clrmodule/clrmodule.15.csproj", "{E08678D4-9A52-4AD5-B63D-8EBC7399981B}"
EndProject
Project("{9A19103F-16F7-4668-BE54-9A1E7A4F7556}") = "Console.15", "src/console/Console.15.csproj", "{CDAD305F-8E72-492C-A314-64CF58D472A0}"
EndProject
Project("{9A19103F-16F7-4668-BE54-9A1E7A4F7556}") = "Python.Test.15", "src/testing/Python.Test.15.csproj", "{F94B547A-E97E-4500-8D53-B4D64D076E5F}"
EndProject
Global
	GlobalSection(SolutionConfigurationPlatforms) = preSolution
		DebugMono|x64 = DebugMono|x64
		DebugMono|x86 = DebugMono|x86
		DebugMonoPY3|x64 = DebugMonoPY3|x64
		DebugMonoPY3|x86 = DebugMonoPY3|x86
		DebugWin|x64 = DebugWin|x64
		DebugWin|x86 = DebugWin|x86
		DebugWinPY3|x64 = DebugWinPY3|x64
		DebugWinPY3|x86 = DebugWinPY3|x86
		ReleaseMono|x64 = ReleaseMono|x64
		ReleaseMono|x86 = ReleaseMono|x86
		ReleaseMonoPY3|x64 = ReleaseMonoPY3|x64
		ReleaseMonoPY3|x86 = ReleaseMonoPY3|x86
		ReleaseWin|x64 = ReleaseWin|x64
		ReleaseWin|x86 = ReleaseWin|x86
		ReleaseWinPY3|x64 = ReleaseWinPY3|x64
		ReleaseWinPY3|x86 = ReleaseWinPY3|x86
	EndGlobalSection
	GlobalSection(ProjectConfigurationPlatforms) = postSolution
		{2759F4FF-716B-4828-916F-50FA86613DFC}.DebugMono|x64.ActiveCfg = DebugMono|Any CPU
		{2759F4FF-716B-4828-916F-50FA86613DFC}.DebugMono|x64.Build.0 = DebugMono|Any CPU
		{2759F4FF-716B-4828-916F-50FA86613DFC}.DebugMono|x86.ActiveCfg = DebugMono|Any CPU
		{2759F4FF-716B-4828-916F-50FA86613DFC}.DebugMono|x86.Build.0 = DebugMono|Any CPU
		{2759F4FF-716B-4828-916F-50FA86613DFC}.DebugMonoPY3|x64.ActiveCfg = DebugMonoPY3|Any CPU
		{2759F4FF-716B-4828-916F-50FA86613DFC}.DebugMonoPY3|x64.Build.0 = DebugMonoPY3|Any CPU
		{2759F4FF-716B-4828-916F-50FA86613DFC}.DebugMonoPY3|x86.ActiveCfg = DebugMonoPY3|Any CPU
		{2759F4FF-716B-4828-916F-50FA86613DFC}.DebugMonoPY3|x86.Build.0 = DebugMonoPY3|Any CPU
		{2759F4FF-716B-4828-916F-50FA86613DFC}.DebugWin|x64.ActiveCfg = DebugWin|Any CPU
		{2759F4FF-716B-4828-916F-50FA86613DFC}.DebugWin|x64.Build.0 = DebugWin|Any CPU
		{2759F4FF-716B-4828-916F-50FA86613DFC}.DebugWin|x86.ActiveCfg = DebugWin|Any CPU
		{2759F4FF-716B-4828-916F-50FA86613DFC}.DebugWin|x86.Build.0 = DebugWin|Any CPU
		{2759F4FF-716B-4828-916F-50FA86613DFC}.DebugWinPY3|x64.ActiveCfg = DebugWinPY3|Any CPU
		{2759F4FF-716B-4828-916F-50FA86613DFC}.DebugWinPY3|x64.Build.0 = DebugWinPY3|Any CPU
		{2759F4FF-716B-4828-916F-50FA86613DFC}.DebugWinPY3|x86.ActiveCfg = DebugWinPY3|Any CPU
		{2759F4FF-716B-4828-916F-50FA86613DFC}.DebugWinPY3|x86.Build.0 = DebugWinPY3|Any CPU
		{2759F4FF-716B-4828-916F-50FA86613DFC}.ReleaseMono|x64.ActiveCfg = ReleaseMono|Any CPU
		{2759F4FF-716B-4828-916F-50FA86613DFC}.ReleaseMono|x64.Build.0 = ReleaseMono|Any CPU
		{2759F4FF-716B-4828-916F-50FA86613DFC}.ReleaseMono|x86.ActiveCfg = ReleaseMono|Any CPU
		{2759F4FF-716B-4828-916F-50FA86613DFC}.ReleaseMono|x86.Build.0 = ReleaseMono|Any CPU
		{2759F4FF-716B-4828-916F-50FA86613DFC}.ReleaseMonoPY3|x64.ActiveCfg = ReleaseMonoPY3|Any CPU
		{2759F4FF-716B-4828-916F-50FA86613DFC}.ReleaseMonoPY3|x64.Build.0 = ReleaseMonoPY3|Any CPU
		{2759F4FF-716B-4828-916F-50FA86613DFC}.ReleaseMonoPY3|x86.ActiveCfg = ReleaseMonoPY3|Any CPU
		{2759F4FF-716B-4828-916F-50FA86613DFC}.ReleaseMonoPY3|x86.Build.0 = ReleaseMonoPY3|Any CPU
		{2759F4FF-716B-4828-916F-50FA86613DFC}.ReleaseWin|x64.ActiveCfg = ReleaseWin|Any CPU
		{2759F4FF-716B-4828-916F-50FA86613DFC}.ReleaseWin|x64.Build.0 = ReleaseWin|Any CPU
		{2759F4FF-716B-4828-916F-50FA86613DFC}.ReleaseWin|x86.ActiveCfg = ReleaseWin|Any CPU
		{2759F4FF-716B-4828-916F-50FA86613DFC}.ReleaseWin|x86.Build.0 = ReleaseWin|Any CPU
		{2759F4FF-716B-4828-916F-50FA86613DFC}.ReleaseWinPY3|x64.ActiveCfg = ReleaseWinPY3|Any CPU
		{2759F4FF-716B-4828-916F-50FA86613DFC}.ReleaseWinPY3|x64.Build.0 = ReleaseWinPY3|Any CPU
		{2759F4FF-716B-4828-916F-50FA86613DFC}.ReleaseWinPY3|x86.ActiveCfg = ReleaseWinPY3|Any CPU
		{2759F4FF-716B-4828-916F-50FA86613DFC}.ReleaseWinPY3|x86.Build.0 = ReleaseWinPY3|Any CPU
		{66B8D01A-9906-452A-B09E-BF75EA76468F}.DebugMono|x64.ActiveCfg = DebugMono|x64
		{66B8D01A-9906-452A-B09E-BF75EA76468F}.DebugMono|x64.Build.0 = DebugMono|x64
		{66B8D01A-9906-452A-B09E-BF75EA76468F}.DebugMono|x86.ActiveCfg = DebugMono|x86
		{66B8D01A-9906-452A-B09E-BF75EA76468F}.DebugMono|x86.Build.0 = DebugMono|x86
		{66B8D01A-9906-452A-B09E-BF75EA76468F}.DebugMonoPY3|x64.ActiveCfg = DebugMonoPY3|x64
		{66B8D01A-9906-452A-B09E-BF75EA76468F}.DebugMonoPY3|x64.Build.0 = DebugMonoPY3|x64
		{66B8D01A-9906-452A-B09E-BF75EA76468F}.DebugMonoPY3|x86.ActiveCfg = DebugMonoPY3|x86
		{66B8D01A-9906-452A-B09E-BF75EA76468F}.DebugMonoPY3|x86.Build.0 = DebugMonoPY3|x86
		{66B8D01A-9906-452A-B09E-BF75EA76468F}.DebugWin|x64.ActiveCfg = DebugWin|x64
		{66B8D01A-9906-452A-B09E-BF75EA76468F}.DebugWin|x64.Build.0 = DebugWin|x64
		{66B8D01A-9906-452A-B09E-BF75EA76468F}.DebugWin|x86.ActiveCfg = DebugWin|x86
		{66B8D01A-9906-452A-B09E-BF75EA76468F}.DebugWin|x86.Build.0 = DebugWin|x86
		{66B8D01A-9906-452A-B09E-BF75EA76468F}.DebugWinPY3|x64.ActiveCfg = DebugWinPY3|x64
		{66B8D01A-9906-452A-B09E-BF75EA76468F}.DebugWinPY3|x64.Build.0 = DebugWinPY3|x64
		{66B8D01A-9906-452A-B09E-BF75EA76468F}.DebugWinPY3|x86.ActiveCfg = DebugWinPY3|x86
		{66B8D01A-9906-452A-B09E-BF75EA76468F}.DebugWinPY3|x86.Build.0 = DebugWinPY3|x86
		{66B8D01A-9906-452A-B09E-BF75EA76468F}.ReleaseMono|x64.ActiveCfg = ReleaseMono|x64
		{66B8D01A-9906-452A-B09E-BF75EA76468F}.ReleaseMono|x64.Build.0 = ReleaseMono|x64
		{66B8D01A-9906-452A-B09E-BF75EA76468F}.ReleaseMono|x86.ActiveCfg = ReleaseMono|x86
		{66B8D01A-9906-452A-B09E-BF75EA76468F}.ReleaseMono|x86.Build.0 = ReleaseMono|x86
		{66B8D01A-9906-452A-B09E-BF75EA76468F}.ReleaseMonoPY3|x64.ActiveCfg = ReleaseMonoPY3|x64
		{66B8D01A-9906-452A-B09E-BF75EA76468F}.ReleaseMonoPY3|x64.Build.0 = ReleaseMonoPY3|x64
		{66B8D01A-9906-452A-B09E-BF75EA76468F}.ReleaseMonoPY3|x86.ActiveCfg = ReleaseMonoPY3|x86
		{66B8D01A-9906-452A-B09E-BF75EA76468F}.ReleaseMonoPY3|x86.Build.0 = ReleaseMonoPY3|x86
		{66B8D01A-9906-452A-B09E-BF75EA76468F}.ReleaseWin|x64.ActiveCfg = ReleaseWin|x64
		{66B8D01A-9906-452A-B09E-BF75EA76468F}.ReleaseWin|x64.Build.0 = ReleaseWin|x64
		{66B8D01A-9906-452A-B09E-BF75EA76468F}.ReleaseWin|x86.ActiveCfg = ReleaseWin|x86
		{66B8D01A-9906-452A-B09E-BF75EA76468F}.ReleaseWin|x86.Build.0 = ReleaseWin|x86
		{66B8D01A-9906-452A-B09E-BF75EA76468F}.ReleaseWinPY3|x64.ActiveCfg = ReleaseWinPY3|x64
		{66B8D01A-9906-452A-B09E-BF75EA76468F}.ReleaseWinPY3|x64.Build.0 = ReleaseWinPY3|x64
		{66B8D01A-9906-452A-B09E-BF75EA76468F}.ReleaseWinPY3|x86.ActiveCfg = ReleaseWinPY3|x86
		{66B8D01A-9906-452A-B09E-BF75EA76468F}.ReleaseWinPY3|x86.Build.0 = ReleaseWinPY3|x86
		{E08678D4-9A52-4AD5-B63D-8EBC7399981B}.DebugMono|x64.ActiveCfg = DebugMono|x64
		{E08678D4-9A52-4AD5-B63D-8EBC7399981B}.DebugMono|x86.ActiveCfg = DebugMono|x86
		{E08678D4-9A52-4AD5-B63D-8EBC7399981B}.DebugMonoPY3|x64.ActiveCfg = DebugMonoPY3|x64
		{E08678D4-9A52-4AD5-B63D-8EBC7399981B}.DebugMonoPY3|x86.ActiveCfg = DebugMonoPY3|x86
		{E08678D4-9A52-4AD5-B63D-8EBC7399981B}.DebugWin|x64.ActiveCfg = DebugWin|x64
		{E08678D4-9A52-4AD5-B63D-8EBC7399981B}.DebugWin|x64.Build.0 = DebugWin|x64
		{E08678D4-9A52-4AD5-B63D-8EBC7399981B}.DebugWin|x86.ActiveCfg = DebugWin|x86
		{E08678D4-9A52-4AD5-B63D-8EBC7399981B}.DebugWin|x86.Build.0 = DebugWin|x86
		{E08678D4-9A52-4AD5-B63D-8EBC7399981B}.DebugWinPY3|x64.ActiveCfg = DebugWinPY3|x64
		{E08678D4-9A52-4AD5-B63D-8EBC7399981B}.DebugWinPY3|x64.Build.0 = DebugWinPY3|x64
		{E08678D4-9A52-4AD5-B63D-8EBC7399981B}.DebugWinPY3|x86.ActiveCfg = DebugWinPY3|x86
		{E08678D4-9A52-4AD5-B63D-8EBC7399981B}.DebugWinPY3|x86.Build.0 = DebugWinPY3|x86
		{E08678D4-9A52-4AD5-B63D-8EBC7399981B}.ReleaseMono|x64.ActiveCfg = ReleaseMono|x64
		{E08678D4-9A52-4AD5-B63D-8EBC7399981B}.ReleaseMono|x86.ActiveCfg = ReleaseMono|x86
		{E08678D4-9A52-4AD5-B63D-8EBC7399981B}.ReleaseMonoPY3|x64.ActiveCfg = ReleaseMonoPY3|x64
		{E08678D4-9A52-4AD5-B63D-8EBC7399981B}.ReleaseMonoPY3|x86.ActiveCfg = ReleaseMonoPY3|x86
		{E08678D4-9A52-4AD5-B63D-8EBC7399981B}.ReleaseWin|x64.ActiveCfg = ReleaseWin|x64
		{E08678D4-9A52-4AD5-B63D-8EBC7399981B}.ReleaseWin|x64.Build.0 = ReleaseWin|x64
		{E08678D4-9A52-4AD5-B63D-8EBC7399981B}.ReleaseWin|x86.ActiveCfg = ReleaseWin|x86
		{E08678D4-9A52-4AD5-B63D-8EBC7399981B}.ReleaseWin|x86.Build.0 = ReleaseWin|x86
		{E08678D4-9A52-4AD5-B63D-8EBC7399981B}.ReleaseWinPY3|x64.ActiveCfg = ReleaseWinPY3|x64
		{E08678D4-9A52-4AD5-B63D-8EBC7399981B}.ReleaseWinPY3|x64.Build.0 = ReleaseWinPY3|x64
		{E08678D4-9A52-4AD5-B63D-8EBC7399981B}.ReleaseWinPY3|x86.ActiveCfg = ReleaseWinPY3|x86
		{E08678D4-9A52-4AD5-B63D-8EBC7399981B}.ReleaseWinPY3|x86.Build.0 = ReleaseWinPY3|x86
		{CDAD305F-8E72-492C-A314-64CF58D472A0}.DebugMono|x64.ActiveCfg = DebugMono|x64
		{CDAD305F-8E72-492C-A314-64CF58D472A0}.DebugMono|x64.Build.0 = DebugMono|x64
		{CDAD305F-8E72-492C-A314-64CF58D472A0}.DebugMono|x86.ActiveCfg = DebugMono|x86
		{CDAD305F-8E72-492C-A314-64CF58D472A0}.DebugMono|x86.Build.0 = DebugMono|x86
		{CDAD305F-8E72-492C-A314-64CF58D472A0}.DebugMonoPY3|x64.ActiveCfg = DebugMonoPY3|x64
		{CDAD305F-8E72-492C-A314-64CF58D472A0}.DebugMonoPY3|x64.Build.0 = DebugMonoPY3|x64
		{CDAD305F-8E72-492C-A314-64CF58D472A0}.DebugMonoPY3|x86.ActiveCfg = DebugMonoPY3|x86
		{CDAD305F-8E72-492C-A314-64CF58D472A0}.DebugMonoPY3|x86.Build.0 = DebugMonoPY3|x86
		{CDAD305F-8E72-492C-A314-64CF58D472A0}.DebugWin|x64.ActiveCfg = DebugWin|x64
		{CDAD305F-8E72-492C-A314-64CF58D472A0}.DebugWin|x64.Build.0 = DebugWin|x64
		{CDAD305F-8E72-492C-A314-64CF58D472A0}.DebugWin|x86.ActiveCfg = DebugWin|x86
		{CDAD305F-8E72-492C-A314-64CF58D472A0}.DebugWin|x86.Build.0 = DebugWin|x86
		{CDAD305F-8E72-492C-A314-64CF58D472A0}.DebugWinPY3|x64.ActiveCfg = DebugWinPY3|x64
		{CDAD305F-8E72-492C-A314-64CF58D472A0}.DebugWinPY3|x64.Build.0 = DebugWinPY3|x64
		{CDAD305F-8E72-492C-A314-64CF58D472A0}.DebugWinPY3|x86.ActiveCfg = DebugWinPY3|x86
		{CDAD305F-8E72-492C-A314-64CF58D472A0}.DebugWinPY3|x86.Build.0 = DebugWinPY3|x86
		{CDAD305F-8E72-492C-A314-64CF58D472A0}.ReleaseMono|x64.ActiveCfg = ReleaseMono|x64
		{CDAD305F-8E72-492C-A314-64CF58D472A0}.ReleaseMono|x64.Build.0 = ReleaseMono|x64
		{CDAD305F-8E72-492C-A314-64CF58D472A0}.ReleaseMono|x86.ActiveCfg = ReleaseMono|x86
		{CDAD305F-8E72-492C-A314-64CF58D472A0}.ReleaseMono|x86.Build.0 = ReleaseMono|x86
		{CDAD305F-8E72-492C-A314-64CF58D472A0}.ReleaseMonoPY3|x64.ActiveCfg = ReleaseMonoPY3|x64
		{CDAD305F-8E72-492C-A314-64CF58D472A0}.ReleaseMonoPY3|x64.Build.0 = ReleaseMonoPY3|x64
		{CDAD305F-8E72-492C-A314-64CF58D472A0}.ReleaseMonoPY3|x86.ActiveCfg = ReleaseMonoPY3|x86
		{CDAD305F-8E72-492C-A314-64CF58D472A0}.ReleaseMonoPY3|x86.Build.0 = ReleaseMonoPY3|x86
		{CDAD305F-8E72-492C-A314-64CF58D472A0}.ReleaseWin|x64.ActiveCfg = ReleaseWin|x64
		{CDAD305F-8E72-492C-A314-64CF58D472A0}.ReleaseWin|x64.Build.0 = ReleaseWin|x64
		{CDAD305F-8E72-492C-A314-64CF58D472A0}.ReleaseWin|x86.ActiveCfg = ReleaseWin|x86
		{CDAD305F-8E72-492C-A314-64CF58D472A0}.ReleaseWin|x86.Build.0 = ReleaseWin|x86
		{CDAD305F-8E72-492C-A314-64CF58D472A0}.ReleaseWinPY3|x64.ActiveCfg = ReleaseWinPY3|x64
		{CDAD305F-8E72-492C-A314-64CF58D472A0}.ReleaseWinPY3|x64.Build.0 = ReleaseWinPY3|x64
		{CDAD305F-8E72-492C-A314-64CF58D472A0}.ReleaseWinPY3|x86.ActiveCfg = ReleaseWinPY3|x86
		{CDAD305F-8E72-492C-A314-64CF58D472A0}.ReleaseWinPY3|x86.Build.0 = ReleaseWinPY3|x86
		{F94B547A-E97E-4500-8D53-B4D64D076E5F}.DebugMono|x64.ActiveCfg = DebugMono|x64
		{F94B547A-E97E-4500-8D53-B4D64D076E5F}.DebugMono|x64.Build.0 = DebugMono|x64
		{F94B547A-E97E-4500-8D53-B4D64D076E5F}.DebugMono|x86.ActiveCfg = DebugMono|x86
		{F94B547A-E97E-4500-8D53-B4D64D076E5F}.DebugMono|x86.Build.0 = DebugMono|x86
		{F94B547A-E97E-4500-8D53-B4D64D076E5F}.DebugMonoPY3|x64.ActiveCfg = DebugMonoPY3|x64
		{F94B547A-E97E-4500-8D53-B4D64D076E5F}.DebugMonoPY3|x64.Build.0 = DebugMonoPY3|x64
		{F94B547A-E97E-4500-8D53-B4D64D076E5F}.DebugMonoPY3|x86.ActiveCfg = DebugMonoPY3|x86
		{F94B547A-E97E-4500-8D53-B4D64D076E5F}.DebugMonoPY3|x86.Build.0 = DebugMonoPY3|x86
		{F94B547A-E97E-4500-8D53-B4D64D076E5F}.DebugWin|x64.ActiveCfg = DebugWin|x64
		{F94B547A-E97E-4500-8D53-B4D64D076E5F}.DebugWin|x64.Build.0 = DebugWin|x64
		{F94B547A-E97E-4500-8D53-B4D64D076E5F}.DebugWin|x86.ActiveCfg = DebugWin|x86
		{F94B547A-E97E-4500-8D53-B4D64D076E5F}.DebugWin|x86.Build.0 = DebugWin|x86
		{F94B547A-E97E-4500-8D53-B4D64D076E5F}.DebugWinPY3|x64.ActiveCfg = DebugWinPY3|x64
		{F94B547A-E97E-4500-8D53-B4D64D076E5F}.DebugWinPY3|x64.Build.0 = DebugWinPY3|x64
		{F94B547A-E97E-4500-8D53-B4D64D076E5F}.DebugWinPY3|x86.ActiveCfg = DebugWinPY3|x86
		{F94B547A-E97E-4500-8D53-B4D64D076E5F}.DebugWinPY3|x86.Build.0 = DebugWinPY3|x86
		{F94B547A-E97E-4500-8D53-B4D64D076E5F}.ReleaseMono|x64.ActiveCfg = ReleaseMono|x64
		{F94B547A-E97E-4500-8D53-B4D64D076E5F}.ReleaseMono|x64.Build.0 = ReleaseMono|x64
		{F94B547A-E97E-4500-8D53-B4D64D076E5F}.ReleaseMono|x86.ActiveCfg = ReleaseMono|x86
		{F94B547A-E97E-4500-8D53-B4D64D076E5F}.ReleaseMono|x86.Build.0 = ReleaseMono|x86
		{F94B547A-E97E-4500-8D53-B4D64D076E5F}.ReleaseMonoPY3|x64.ActiveCfg = ReleaseMonoPY3|x64
		{F94B547A-E97E-4500-8D53-B4D64D076E5F}.ReleaseMonoPY3|x64.Build.0 = ReleaseMonoPY3|x64
		{F94B547A-E97E-4500-8D53-B4D64D076E5F}.ReleaseMonoPY3|x86.ActiveCfg = ReleaseMonoPY3|x86
		{F94B547A-E97E-4500-8D53-B4D64D076E5F}.ReleaseMonoPY3|x86.Build.0 = ReleaseMonoPY3|x86
		{F94B547A-E97E-4500-8D53-B4D64D076E5F}.ReleaseWin|x64.ActiveCfg = ReleaseWin|x64
		{F94B547A-E97E-4500-8D53-B4D64D076E5F}.ReleaseWin|x64.Build.0 = ReleaseWin|x64
		{F94B547A-E97E-4500-8D53-B4D64D076E5F}.ReleaseWin|x86.ActiveCfg = ReleaseWin|x86
		{F94B547A-E97E-4500-8D53-B4D64D076E5F}.ReleaseWin|x86.Build.0 = ReleaseWin|x86
		{F94B547A-E97E-4500-8D53-B4D64D076E5F}.ReleaseWinPY3|x64.ActiveCfg = ReleaseWinPY3|x64
		{F94B547A-E97E-4500-8D53-B4D64D076E5F}.ReleaseWinPY3|x64.Build.0 = ReleaseWinPY3|x64
		{F94B547A-E97E-4500-8D53-B4D64D076E5F}.ReleaseWinPY3|x86.ActiveCfg = ReleaseWinPY3|x86
		{F94B547A-E97E-4500-8D53-B4D64D076E5F}.ReleaseWinPY3|x86.Build.0 = ReleaseWinPY3|x86
	EndGlobalSection
	GlobalSection(SolutionProperties) = preSolution
		HideSolutionNode = FALSE
	EndGlobalSection
	GlobalSection(ExtensibilityGlobals) = postSolution
		SolutionGuid = {A6347B90-BBE6-4E45-90BF-1BD8B76069E3}
	EndGlobalSection
EndGlobal
