Microsoft Visual Studio Solution File, Format Version 12.00
# Visual Studio Version 17
VisualStudioVersion = 17.0.31912.275
MinimumVisualStudioVersion = 15.0.26124.0
Project("{9A19103F-16F7-4668-BE54-9A1E7A4F7556}") = "Python.Runtime", "src\runtime\Python.Runtime.csproj", "{4E8C8FE2-0FB8-4517-B2D9-5FB2D5FC849B}"
EndProject
Project("{9A19103F-16F7-4668-BE54-9A1E7A4F7556}") = "Python.EmbeddingTest", "src\embed_tests\Python.EmbeddingTest.csproj", "{819E089B-4770-400E-93C6-4F7A35F0EA12}"
EndProject
Project("{9A19103F-16F7-4668-BE54-9A1E7A4F7556}") = "Python.Test", "src\testing\Python.Test.csproj", "{14EF9518-5BB7-4F83-8686-015BD2CC788E}"
EndProject
Project("{9A19103F-16F7-4668-BE54-9A1E7A4F7556}") = "Python.PerformanceTests", "src\perf_tests\Python.PerformanceTests.csproj", "{4F2EA4A1-7ECA-48B5-8077-7A3C366F9931}"
EndProject
Project("{9A19103F-16F7-4668-BE54-9A1E7A4F7556}") = "Python.DomainReloadTests", "tests\domain_tests\Python.DomainReloadTests.csproj", "{F2FB6DA3-318E-4F30-9A1F-932C667E38C5}"
EndProject
Project("{2150E333-8FDC-42A3-9474-1A3956D46DE8}") = "Repo", "Repo", "{441A0123-F4C6-4EE4-9AEE-315FD79BE2D5}"
	ProjectSection(SolutionItems) = preProject
		.editorconfig = .editorconfig
		.gitignore = .gitignore
		CHANGELOG.md = CHANGELOG.md
		LICENSE = LICENSE
		README.rst = README.rst
		version.txt = version.txt
	EndProjectSection
EndProject
Project("{2150E333-8FDC-42A3-9474-1A3956D46DE8}") = "CI", "CI", "{D301657F-5EAF-4534-B280-B858D651B2E5}"
	ProjectSection(SolutionItems) = preProject
		.github\workflows\ARM.yml = .github\workflows\ARM.yml
		.github\workflows\main.yml = .github\workflows\main.yml
		.github\workflows\nuget-preview.yml = .github\workflows\nuget-preview.yml
	EndProjectSection
EndProject
Project("{2150E333-8FDC-42A3-9474-1A3956D46DE8}") = "Solution Items", "Solution Items", "{57F5D701-F265-4736-A5A2-07249E7A4DA3}"
	ProjectSection(SolutionItems) = preProject
		setup.py = setup.py
	EndProjectSection
EndProject
Project("{2150E333-8FDC-42A3-9474-1A3956D46DE8}") = "Tools", "Tools", "{BC426F42-8494-4AA5-82C9-5109ACD97BD1}"
	ProjectSection(SolutionItems) = preProject
		tools\geninterop\geninterop.py = tools\geninterop\geninterop.py
	EndProjectSection
EndProject
Project("{9A19103F-16F7-4668-BE54-9A1E7A4F7556}") = "Python.PythonTestsRunner", "src\python_tests_runner\Python.PythonTestsRunner.csproj", "{35CBBDEB-FC07-4D04-9D3E-F88FC180110B}"
EndProject
Project("{2150E333-8FDC-42A3-9474-1A3956D46DE8}") = "Build", "Build", "{142A6752-C2C2-4F95-B982-193418001B65}"
	ProjectSection(SolutionItems) = preProject
		Directory.Build.props = Directory.Build.props
	EndProjectSection
EndProject
Global
	GlobalSection(SolutionConfigurationPlatforms) = preSolution
		Debug|Any CPU = Debug|Any CPU
		Debug|x64 = Debug|x64
		Debug|x86 = Debug|x86
		Release|Any CPU = Release|Any CPU
		Release|x64 = Release|x64
		Release|x86 = Release|x86
		TraceAlloc|Any CPU = TraceAlloc|Any CPU
		TraceAlloc|x64 = TraceAlloc|x64
		TraceAlloc|x86 = TraceAlloc|x86
	EndGlobalSection
	GlobalSection(ProjectConfigurationPlatforms) = postSolution
		{4E8C8FE2-0FB8-4517-B2D9-5FB2D5FC849B}.Debug|Any CPU.ActiveCfg = Debug|Any CPU
		{4E8C8FE2-0FB8-4517-B2D9-5FB2D5FC849B}.Debug|Any CPU.Build.0 = Debug|Any CPU
		{4E8C8FE2-0FB8-4517-B2D9-5FB2D5FC849B}.Debug|x64.ActiveCfg = Debug|Any CPU
		{4E8C8FE2-0FB8-4517-B2D9-5FB2D5FC849B}.Debug|x64.Build.0 = Debug|Any CPU
		{4E8C8FE2-0FB8-4517-B2D9-5FB2D5FC849B}.Debug|x86.ActiveCfg = Debug|Any CPU
		{4E8C8FE2-0FB8-4517-B2D9-5FB2D5FC849B}.Debug|x86.Build.0 = Debug|Any CPU
		{4E8C8FE2-0FB8-4517-B2D9-5FB2D5FC849B}.Release|Any CPU.ActiveCfg = Release|Any CPU
		{4E8C8FE2-0FB8-4517-B2D9-5FB2D5FC849B}.Release|Any CPU.Build.0 = Release|Any CPU
		{4E8C8FE2-0FB8-4517-B2D9-5FB2D5FC849B}.Release|x64.ActiveCfg = Release|Any CPU
		{4E8C8FE2-0FB8-4517-B2D9-5FB2D5FC849B}.Release|x64.Build.0 = Release|Any CPU
		{4E8C8FE2-0FB8-4517-B2D9-5FB2D5FC849B}.Release|x86.ActiveCfg = Release|Any CPU
		{4E8C8FE2-0FB8-4517-B2D9-5FB2D5FC849B}.Release|x86.Build.0 = Release|Any CPU
		{4E8C8FE2-0FB8-4517-B2D9-5FB2D5FC849B}.TraceAlloc|Any CPU.ActiveCfg = TraceAlloc|Any CPU
		{4E8C8FE2-0FB8-4517-B2D9-5FB2D5FC849B}.TraceAlloc|Any CPU.Build.0 = TraceAlloc|Any CPU
		{4E8C8FE2-0FB8-4517-B2D9-5FB2D5FC849B}.TraceAlloc|x64.ActiveCfg = Debug|Any CPU
		{4E8C8FE2-0FB8-4517-B2D9-5FB2D5FC849B}.TraceAlloc|x64.Build.0 = Debug|Any CPU
		{4E8C8FE2-0FB8-4517-B2D9-5FB2D5FC849B}.TraceAlloc|x86.ActiveCfg = Debug|Any CPU
		{4E8C8FE2-0FB8-4517-B2D9-5FB2D5FC849B}.TraceAlloc|x86.Build.0 = Debug|Any CPU
		{E6B01706-00BA-4144-9029-186AC42FBE9A}.Debug|Any CPU.ActiveCfg = Debug|x64
		{E6B01706-00BA-4144-9029-186AC42FBE9A}.Debug|Any CPU.Build.0 = Debug|x64
		{E6B01706-00BA-4144-9029-186AC42FBE9A}.Debug|x64.ActiveCfg = Debug|x64
		{E6B01706-00BA-4144-9029-186AC42FBE9A}.Debug|x64.Build.0 = Debug|x64
		{E6B01706-00BA-4144-9029-186AC42FBE9A}.Debug|x86.ActiveCfg = Debug|x86
		{E6B01706-00BA-4144-9029-186AC42FBE9A}.Debug|x86.Build.0 = Debug|x86
		{E6B01706-00BA-4144-9029-186AC42FBE9A}.Release|Any CPU.ActiveCfg = Release|x64
		{E6B01706-00BA-4144-9029-186AC42FBE9A}.Release|Any CPU.Build.0 = Release|x64
		{E6B01706-00BA-4144-9029-186AC42FBE9A}.Release|x64.ActiveCfg = Release|x64
		{E6B01706-00BA-4144-9029-186AC42FBE9A}.Release|x64.Build.0 = Release|x64
		{E6B01706-00BA-4144-9029-186AC42FBE9A}.Release|x86.ActiveCfg = Release|x86
		{E6B01706-00BA-4144-9029-186AC42FBE9A}.Release|x86.Build.0 = Release|x86
		{E6B01706-00BA-4144-9029-186AC42FBE9A}.TraceAlloc|Any CPU.ActiveCfg = Debug|x64
		{E6B01706-00BA-4144-9029-186AC42FBE9A}.TraceAlloc|Any CPU.Build.0 = Debug|x64
		{E6B01706-00BA-4144-9029-186AC42FBE9A}.TraceAlloc|x64.ActiveCfg = Debug|x64
		{E6B01706-00BA-4144-9029-186AC42FBE9A}.TraceAlloc|x64.Build.0 = Debug|x64
		{E6B01706-00BA-4144-9029-186AC42FBE9A}.TraceAlloc|x86.ActiveCfg = Debug|x86
		{E6B01706-00BA-4144-9029-186AC42FBE9A}.TraceAlloc|x86.Build.0 = Debug|x86
		{819E089B-4770-400E-93C6-4F7A35F0EA12}.Debug|Any CPU.ActiveCfg = Debug|Any CPU
		{819E089B-4770-400E-93C6-4F7A35F0EA12}.Debug|Any CPU.Build.0 = Debug|Any CPU
		{819E089B-4770-400E-93C6-4F7A35F0EA12}.Debug|x64.ActiveCfg = Debug|Any CPU
		{819E089B-4770-400E-93C6-4F7A35F0EA12}.Debug|x64.Build.0 = Debug|Any CPU
		{819E089B-4770-400E-93C6-4F7A35F0EA12}.Debug|x86.ActiveCfg = Debug|Any CPU
		{819E089B-4770-400E-93C6-4F7A35F0EA12}.Debug|x86.Build.0 = Debug|Any CPU
		{819E089B-4770-400E-93C6-4F7A35F0EA12}.Release|Any CPU.ActiveCfg = Release|Any CPU
		{819E089B-4770-400E-93C6-4F7A35F0EA12}.Release|Any CPU.Build.0 = Release|Any CPU
		{819E089B-4770-400E-93C6-4F7A35F0EA12}.Release|x64.ActiveCfg = Release|Any CPU
		{819E089B-4770-400E-93C6-4F7A35F0EA12}.Release|x64.Build.0 = Release|Any CPU
		{819E089B-4770-400E-93C6-4F7A35F0EA12}.Release|x86.ActiveCfg = Release|Any CPU
		{819E089B-4770-400E-93C6-4F7A35F0EA12}.Release|x86.Build.0 = Release|Any CPU
		{819E089B-4770-400E-93C6-4F7A35F0EA12}.TraceAlloc|Any CPU.ActiveCfg = Debug|Any CPU
		{819E089B-4770-400E-93C6-4F7A35F0EA12}.TraceAlloc|Any CPU.Build.0 = Debug|Any CPU
		{819E089B-4770-400E-93C6-4F7A35F0EA12}.TraceAlloc|x64.ActiveCfg = Debug|Any CPU
		{819E089B-4770-400E-93C6-4F7A35F0EA12}.TraceAlloc|x64.Build.0 = Debug|Any CPU
		{819E089B-4770-400E-93C6-4F7A35F0EA12}.TraceAlloc|x86.ActiveCfg = Debug|Any CPU
		{819E089B-4770-400E-93C6-4F7A35F0EA12}.TraceAlloc|x86.Build.0 = Debug|Any CPU
		{14EF9518-5BB7-4F83-8686-015BD2CC788E}.Debug|Any CPU.ActiveCfg = Debug|Any CPU
		{14EF9518-5BB7-4F83-8686-015BD2CC788E}.Debug|Any CPU.Build.0 = Debug|Any CPU
		{14EF9518-5BB7-4F83-8686-015BD2CC788E}.Debug|x64.ActiveCfg = Debug|Any CPU
		{14EF9518-5BB7-4F83-8686-015BD2CC788E}.Debug|x64.Build.0 = Debug|Any CPU
		{14EF9518-5BB7-4F83-8686-015BD2CC788E}.Debug|x86.ActiveCfg = Debug|Any CPU
		{14EF9518-5BB7-4F83-8686-015BD2CC788E}.Debug|x86.Build.0 = Debug|Any CPU
		{14EF9518-5BB7-4F83-8686-015BD2CC788E}.Release|Any CPU.ActiveCfg = Release|Any CPU
		{14EF9518-5BB7-4F83-8686-015BD2CC788E}.Release|Any CPU.Build.0 = Release|Any CPU
		{14EF9518-5BB7-4F83-8686-015BD2CC788E}.Release|x64.ActiveCfg = Release|Any CPU
		{14EF9518-5BB7-4F83-8686-015BD2CC788E}.Release|x64.Build.0 = Release|Any CPU
		{14EF9518-5BB7-4F83-8686-015BD2CC788E}.Release|x86.ActiveCfg = Release|Any CPU
		{14EF9518-5BB7-4F83-8686-015BD2CC788E}.Release|x86.Build.0 = Release|Any CPU
		{14EF9518-5BB7-4F83-8686-015BD2CC788E}.TraceAlloc|Any CPU.ActiveCfg = Debug|Any CPU
		{14EF9518-5BB7-4F83-8686-015BD2CC788E}.TraceAlloc|Any CPU.Build.0 = Debug|Any CPU
		{14EF9518-5BB7-4F83-8686-015BD2CC788E}.TraceAlloc|x64.ActiveCfg = Debug|Any CPU
		{14EF9518-5BB7-4F83-8686-015BD2CC788E}.TraceAlloc|x64.Build.0 = Debug|Any CPU
		{14EF9518-5BB7-4F83-8686-015BD2CC788E}.TraceAlloc|x86.ActiveCfg = Debug|Any CPU
		{14EF9518-5BB7-4F83-8686-015BD2CC788E}.TraceAlloc|x86.Build.0 = Debug|Any CPU
		{4F2EA4A1-7ECA-48B5-8077-7A3C366F9931}.Debug|Any CPU.ActiveCfg = Debug|x64
		{4F2EA4A1-7ECA-48B5-8077-7A3C366F9931}.Debug|Any CPU.Build.0 = Debug|x64
		{4F2EA4A1-7ECA-48B5-8077-7A3C366F9931}.Debug|x64.ActiveCfg = Debug|x64
		{4F2EA4A1-7ECA-48B5-8077-7A3C366F9931}.Debug|x64.Build.0 = Debug|x64
		{4F2EA4A1-7ECA-48B5-8077-7A3C366F9931}.Debug|x86.ActiveCfg = Debug|x86
		{4F2EA4A1-7ECA-48B5-8077-7A3C366F9931}.Debug|x86.Build.0 = Debug|x86
		{4F2EA4A1-7ECA-48B5-8077-7A3C366F9931}.Release|Any CPU.ActiveCfg = Release|x64
		{4F2EA4A1-7ECA-48B5-8077-7A3C366F9931}.Release|Any CPU.Build.0 = Release|x64
		{4F2EA4A1-7ECA-48B5-8077-7A3C366F9931}.Release|x64.ActiveCfg = Release|x64
		{4F2EA4A1-7ECA-48B5-8077-7A3C366F9931}.Release|x64.Build.0 = Release|x64
		{4F2EA4A1-7ECA-48B5-8077-7A3C366F9931}.Release|x86.ActiveCfg = Release|x86
		{4F2EA4A1-7ECA-48B5-8077-7A3C366F9931}.Release|x86.Build.0 = Release|x86
		{4F2EA4A1-7ECA-48B5-8077-7A3C366F9931}.TraceAlloc|Any CPU.ActiveCfg = Debug|x64
		{4F2EA4A1-7ECA-48B5-8077-7A3C366F9931}.TraceAlloc|Any CPU.Build.0 = Debug|x64
		{4F2EA4A1-7ECA-48B5-8077-7A3C366F9931}.TraceAlloc|x64.ActiveCfg = Debug|x64
		{4F2EA4A1-7ECA-48B5-8077-7A3C366F9931}.TraceAlloc|x64.Build.0 = Debug|x64
		{4F2EA4A1-7ECA-48B5-8077-7A3C366F9931}.TraceAlloc|x86.ActiveCfg = Debug|x86
		{4F2EA4A1-7ECA-48B5-8077-7A3C366F9931}.TraceAlloc|x86.Build.0 = Debug|x86
		{F2FB6DA3-318E-4F30-9A1F-932C667E38C5}.Debug|Any CPU.ActiveCfg = Debug|Any CPU
		{F2FB6DA3-318E-4F30-9A1F-932C667E38C5}.Debug|Any CPU.Build.0 = Debug|Any CPU
		{F2FB6DA3-318E-4F30-9A1F-932C667E38C5}.Debug|x64.ActiveCfg = Debug|Any CPU
		{F2FB6DA3-318E-4F30-9A1F-932C667E38C5}.Debug|x64.Build.0 = Debug|Any CPU
		{F2FB6DA3-318E-4F30-9A1F-932C667E38C5}.Debug|x86.ActiveCfg = Debug|Any CPU
		{F2FB6DA3-318E-4F30-9A1F-932C667E38C5}.Debug|x86.Build.0 = Debug|Any CPU
		{F2FB6DA3-318E-4F30-9A1F-932C667E38C5}.Release|Any CPU.ActiveCfg = Release|Any CPU
		{F2FB6DA3-318E-4F30-9A1F-932C667E38C5}.Release|Any CPU.Build.0 = Release|Any CPU
		{F2FB6DA3-318E-4F30-9A1F-932C667E38C5}.Release|x64.ActiveCfg = Release|Any CPU
		{F2FB6DA3-318E-4F30-9A1F-932C667E38C5}.Release|x64.Build.0 = Release|Any CPU
		{F2FB6DA3-318E-4F30-9A1F-932C667E38C5}.Release|x86.ActiveCfg = Release|Any CPU
		{F2FB6DA3-318E-4F30-9A1F-932C667E38C5}.Release|x86.Build.0 = Release|Any CPU
		{F2FB6DA3-318E-4F30-9A1F-932C667E38C5}.TraceAlloc|Any CPU.ActiveCfg = Debug|Any CPU
		{F2FB6DA3-318E-4F30-9A1F-932C667E38C5}.TraceAlloc|Any CPU.Build.0 = Debug|Any CPU
		{F2FB6DA3-318E-4F30-9A1F-932C667E38C5}.TraceAlloc|x64.ActiveCfg = Debug|Any CPU
		{F2FB6DA3-318E-4F30-9A1F-932C667E38C5}.TraceAlloc|x64.Build.0 = Debug|Any CPU
		{F2FB6DA3-318E-4F30-9A1F-932C667E38C5}.TraceAlloc|x86.ActiveCfg = Debug|Any CPU
		{F2FB6DA3-318E-4F30-9A1F-932C667E38C5}.TraceAlloc|x86.Build.0 = Debug|Any CPU
		{35CBBDEB-FC07-4D04-9D3E-F88FC180110B}.Debug|Any CPU.ActiveCfg = Debug|Any CPU
		{35CBBDEB-FC07-4D04-9D3E-F88FC180110B}.Debug|Any CPU.Build.0 = Debug|Any CPU
		{35CBBDEB-FC07-4D04-9D3E-F88FC180110B}.Debug|x64.ActiveCfg = Debug|Any CPU
		{35CBBDEB-FC07-4D04-9D3E-F88FC180110B}.Debug|x64.Build.0 = Debug|Any CPU
		{35CBBDEB-FC07-4D04-9D3E-F88FC180110B}.Debug|x86.ActiveCfg = Debug|Any CPU
		{35CBBDEB-FC07-4D04-9D3E-F88FC180110B}.Debug|x86.Build.0 = Debug|Any CPU
		{35CBBDEB-FC07-4D04-9D3E-F88FC180110B}.Release|Any CPU.ActiveCfg = Release|Any CPU
		{35CBBDEB-FC07-4D04-9D3E-F88FC180110B}.Release|Any CPU.Build.0 = Release|Any CPU
		{35CBBDEB-FC07-4D04-9D3E-F88FC180110B}.Release|x64.ActiveCfg = Release|Any CPU
		{35CBBDEB-FC07-4D04-9D3E-F88FC180110B}.Release|x64.Build.0 = Release|Any CPU
		{35CBBDEB-FC07-4D04-9D3E-F88FC180110B}.Release|x86.ActiveCfg = Release|Any CPU
		{35CBBDEB-FC07-4D04-9D3E-F88FC180110B}.Release|x86.Build.0 = Release|Any CPU
		{35CBBDEB-FC07-4D04-9D3E-F88FC180110B}.TraceAlloc|Any CPU.ActiveCfg = Debug|Any CPU
		{35CBBDEB-FC07-4D04-9D3E-F88FC180110B}.TraceAlloc|Any CPU.Build.0 = Debug|Any CPU
		{35CBBDEB-FC07-4D04-9D3E-F88FC180110B}.TraceAlloc|x64.ActiveCfg = Debug|Any CPU
		{35CBBDEB-FC07-4D04-9D3E-F88FC180110B}.TraceAlloc|x64.Build.0 = Debug|Any CPU
		{35CBBDEB-FC07-4D04-9D3E-F88FC180110B}.TraceAlloc|x86.ActiveCfg = Debug|Any CPU
		{35CBBDEB-FC07-4D04-9D3E-F88FC180110B}.TraceAlloc|x86.Build.0 = Debug|Any CPU
	EndGlobalSection
	GlobalSection(SolutionProperties) = preSolution
		HideSolutionNode = FALSE
	EndGlobalSection
	GlobalSection(ExtensibilityGlobals) = postSolution
		SolutionGuid = {C8845072-C642-4858-8627-27E862AD21BB}
	EndGlobalSection
EndGlobal
